// !$*UTF8*$!
{
	archiveVersion = 1;
	classes = {
	};
	objectVersion = 52;
	objects = {

/* Begin PBXBuildFile section */
		001AAC2326EA9093000CC6B6 /* phrases.txt in Resources */ = {isa = PBXBuildFile; fileRef = 001AAC2126EA9093000CC6B6 /* phrases.txt */; };
		0029A03525307170002E96D1 /* Strings.swift in Sources */ = {isa = PBXBuildFile; fileRef = 0029A03425307170002E96D1 /* Strings.swift */; };
		003E10EB253EF72400AE8155 /* wordlist-fr.txt in Resources */ = {isa = PBXBuildFile; fileRef = 003E10E7253EF72400AE8155 /* wordlist-fr.txt */; };
		003E10EC253EF72400AE8155 /* wordlist-de.txt in Resources */ = {isa = PBXBuildFile; fileRef = 003E10E9253EF72400AE8155 /* wordlist-de.txt */; };
		003E10ED253EF72400AE8155 /* wordlist-es.txt in Resources */ = {isa = PBXBuildFile; fileRef = 003E10EA253EF72400AE8155 /* wordlist-es.txt */; };
		004AA91C26CD306D00A63C47 /* SettingsView.swift in Sources */ = {isa = PBXBuildFile; fileRef = 004AA91B26CD306D00A63C47 /* SettingsView.swift */; };
		004AA91F26CE565F00A63C47 /* SettingsViewModel.swift in Sources */ = {isa = PBXBuildFile; fileRef = 004AA91E26CE565F00A63C47 /* SettingsViewModel.swift */; };
		004AA92126CEB1CB00A63C47 /* SettingsPicker.swift in Sources */ = {isa = PBXBuildFile; fileRef = 004AA92026CEB1CB00A63C47 /* SettingsPicker.swift */; };
		0051B66225CC194300AB8B9D /* UserGuideRow.swift in Sources */ = {isa = PBXBuildFile; fileRef = 0051B66125CC194300AB8B9D /* UserGuideRow.swift */; };
		005BCB3226AAC69700DF44CE /* UserGuideCard.swift in Sources */ = {isa = PBXBuildFile; fileRef = 005BCB3126AAC69700DF44CE /* UserGuideCard.swift */; };
		005BCB3526AACA2400DF44CE /* HelpOutCard.swift in Sources */ = {isa = PBXBuildFile; fileRef = 005BCB3426AACA2400DF44CE /* HelpOutCard.swift */; };
		005BCB3726AACED400DF44CE /* AutoTestCard.swift in Sources */ = {isa = PBXBuildFile; fileRef = 005BCB3626AACED400DF44CE /* AutoTestCard.swift */; };
		005BCB3926AAD23900DF44CE /* UpgradeCard.swift in Sources */ = {isa = PBXBuildFile; fileRef = 005BCB3826AAD23900DF44CE /* UpgradeCard.swift */; };
		006D010226A1936600DA083D /* TipCard.swift in Sources */ = {isa = PBXBuildFile; fileRef = 006D010126A1936600DA083D /* TipCard.swift */; };
		006D010526A1B89000DA083D /* CardTips.swift in Sources */ = {isa = PBXBuildFile; fileRef = 006D010426A1B89000DA083D /* CardTips.swift */; };
		0081F01525B1BB6C00792552 /* wordlist-it.txt in Resources */ = {isa = PBXBuildFile; fileRef = 0081F01325B1BB6C00792552 /* wordlist-it.txt */; };
		0081F01625B1BB6C00792552 /* wordlist-pt.txt in Resources */ = {isa = PBXBuildFile; fileRef = 0081F01425B1BB6C00792552 /* wordlist-pt.txt */; };
		0091BC052535E5A000BE7A43 /* AutoTest.swift in Sources */ = {isa = PBXBuildFile; fileRef = 0091BC042535E5A000BE7A43 /* AutoTest.swift */; };
		00EEA6FA25CABCA60017F6A4 /* TipsView.swift in Sources */ = {isa = PBXBuildFile; fileRef = 00EEA6F925CABCA60017F6A4 /* TipsView.swift */; };
		00EEA6FD25CABDB10017F6A4 /* TipsData.swift in Sources */ = {isa = PBXBuildFile; fileRef = 00EEA6FC25CABDB10017F6A4 /* TipsData.swift */; };
		00EEA70025CABE8D0017F6A4 /* tips.json in Resources */ = {isa = PBXBuildFile; fileRef = 00EEA6FF25CABE8D0017F6A4 /* tips.json */; };
		00EEA70325CABF7D0017F6A4 /* HelpViewModel.swift in Sources */ = {isa = PBXBuildFile; fileRef = 00EEA70225CABF7D0017F6A4 /* HelpViewModel.swift */; };
		00EEA70D25CABFE50017F6A4 /* TipRow.swift in Sources */ = {isa = PBXBuildFile; fileRef = 00EEA70525CABFE50017F6A4 /* TipRow.swift */; };
		00EEA70E25CABFE50017F6A4 /* FilterRow.swift in Sources */ = {isa = PBXBuildFile; fileRef = 00EEA70625CABFE50017F6A4 /* FilterRow.swift */; };
		00EEA70F25CABFE50017F6A4 /* DefinitionRow.swift in Sources */ = {isa = PBXBuildFile; fileRef = 00EEA70725CABFE50017F6A4 /* DefinitionRow.swift */; };
		00EEA71025CABFE50017F6A4 /* FeedbackRow.swift in Sources */ = {isa = PBXBuildFile; fileRef = 00EEA70825CABFE50017F6A4 /* FeedbackRow.swift */; };
		00EEA71125CABFE50017F6A4 /* SettingsRow.swift in Sources */ = {isa = PBXBuildFile; fileRef = 00EEA70925CABFE50017F6A4 /* SettingsRow.swift */; };
		00EEA71225CABFE50017F6A4 /* AboutRow.swift in Sources */ = {isa = PBXBuildFile; fileRef = 00EEA70A25CABFE50017F6A4 /* AboutRow.swift */; };
		00EEA71325CABFE50017F6A4 /* RateRow.swift in Sources */ = {isa = PBXBuildFile; fileRef = 00EEA70B25CABFE50017F6A4 /* RateRow.swift */; };
		00EEA71425CABFE50017F6A4 /* TellFriendRow.swift in Sources */ = {isa = PBXBuildFile; fileRef = 00EEA70C25CABFE50017F6A4 /* TellFriendRow.swift */; };
		00EEA71725CAC02D0017F6A4 /* AutomatedTestRow.swift in Sources */ = {isa = PBXBuildFile; fileRef = 00EEA71625CAC02D0017F6A4 /* AutomatedTestRow.swift */; };
		00EEA71A25CAC2A40017F6A4 /* Coordinator.swift in Sources */ = {isa = PBXBuildFile; fileRef = 00EEA71925CAC2A40017F6A4 /* Coordinator.swift */; };
		00EEA71D25CAC5050017F6A4 /* AboutViewModel.swift in Sources */ = {isa = PBXBuildFile; fileRef = 00EEA71C25CAC5050017F6A4 /* AboutViewModel.swift */; };
		00EEA72025CAC59D0017F6A4 /* MailView.swift in Sources */ = {isa = PBXBuildFile; fileRef = 00EEA71F25CAC59D0017F6A4 /* MailView.swift */; };
		00EEA72425CAC81A0017F6A4 /* FilterHelpView.swift in Sources */ = {isa = PBXBuildFile; fileRef = 00EEA72225CAC8190017F6A4 /* FilterHelpView.swift */; };
		00EEA72525CAC81A0017F6A4 /* HelpView.swift in Sources */ = {isa = PBXBuildFile; fileRef = 00EEA72325CAC8190017F6A4 /* HelpView.swift */; };
		00EEA72825CAC85A0017F6A4 /* DefinitionHelpView.swift in Sources */ = {isa = PBXBuildFile; fileRef = 00EEA72725CAC85A0017F6A4 /* DefinitionHelpView.swift */; };
		00EEA72C25CAC8B50017F6A4 /* ActivityViewController.swift in Sources */ = {isa = PBXBuildFile; fileRef = 00EEA72B25CAC8B50017F6A4 /* ActivityViewController.swift */; };
		00EEA72F25CACB430017F6A4 /* AboutView.swift in Sources */ = {isa = PBXBuildFile; fileRef = 00EEA72E25CACB430017F6A4 /* AboutView.swift */; };
		00F17DCD26A8463400452020 /* small.txt in Resources */ = {isa = PBXBuildFile; fileRef = 00F17DCB26A8463400452020 /* small.txt */; };
		00F17DD426A9ABD000452020 /* RootView.swift in Sources */ = {isa = PBXBuildFile; fileRef = 00F17DD326A9ABD000452020 /* RootView.swift */; };
		00F17DD726A9CC3500452020 /* SettingsCard.swift in Sources */ = {isa = PBXBuildFile; fileRef = 00F17DD626A9CC3500452020 /* SettingsCard.swift */; };
		00F17DD926A9D00700452020 /* SettingsHelpView.swift in Sources */ = {isa = PBXBuildFile; fileRef = 00F17DD826A9D00700452020 /* SettingsHelpView.swift */; };
		00F17DDB26A9DD4000452020 /* DefinitionsCard.swift in Sources */ = {isa = PBXBuildFile; fileRef = 00F17DDA26A9DD4000452020 /* DefinitionsCard.swift */; };
		00F17DDD26A9E17300452020 /* FilterCard.swift in Sources */ = {isa = PBXBuildFile; fileRef = 00F17DDC26A9E17300452020 /* FilterCard.swift */; };
		00F17DDF26AAB8EB00452020 /* AboutCard.swift in Sources */ = {isa = PBXBuildFile; fileRef = 00F17DDE26AAB8EB00452020 /* AboutCard.swift */; };
		4D0543851CFDBE060084538A /* SwiftUtils.framework in Frameworks */ = {isa = PBXBuildFile; fileRef = 4D0543811CFDBC530084538A /* SwiftUtils.framework */; };
		4D0543861CFDBE060084538A /* SwiftUtils.framework in Embed Frameworks */ = {isa = PBXBuildFile; fileRef = 4D0543811CFDBC530084538A /* SwiftUtils.framework */; settings = {ATTRIBUTES = (CodeSignOnCopy, RemoveHeadersOnCopy, ); }; };
		4D1D6E621FA0CE33008466F2 /* Pods_AnagramSolver.framework in Frameworks */ = {isa = PBXBuildFile; fileRef = 4D1D6E631FA0CE33008466F2 /* Pods_AnagramSolver.framework */; };
		4D2B35C31D33AAE30014ABF3 /* IAPFactory.swift in Sources */ = {isa = PBXBuildFile; fileRef = 4D2B35C21D33AAE30014ABF3 /* IAPFactory.swift */; };
		4D3596411CFEEA50008D2FAF /* Ads.swift in Sources */ = {isa = PBXBuildFile; fileRef = 4D3596401CFEEA50008D2FAF /* Ads.swift */; };
		4D45D7B01E2901BF00EC2D27 /* Settings.bundle in Resources */ = {isa = PBXBuildFile; fileRef = 4D45D7AF1E2901BF00EC2D27 /* Settings.bundle */; };
		4D45D7B31E2CF0C500EC2D27 /* Settings.swift in Sources */ = {isa = PBXBuildFile; fileRef = 4D45D7B21E2CF0C500EC2D27 /* Settings.swift */; };
		4D45EFBA1A9DFABA00C40BB4 /* AppDelegate.swift in Sources */ = {isa = PBXBuildFile; fileRef = 4D45EFB91A9DFABA00C40BB4 /* AppDelegate.swift */; };
		4D45EFBF1A9DFABA00C40BB4 /* Main.storyboard in Resources */ = {isa = PBXBuildFile; fileRef = 4D45EFBD1A9DFABA00C40BB4 /* Main.storyboard */; };
		4D45EFC11A9DFABA00C40BB4 /* Images.xcassets in Resources */ = {isa = PBXBuildFile; fileRef = 4D45EFC01A9DFABA00C40BB4 /* Images.xcassets */; };
		4D45EFC41A9DFABA00C40BB4 /* LaunchScreen.xib in Resources */ = {isa = PBXBuildFile; fileRef = 4D45EFC21A9DFABA00C40BB4 /* LaunchScreen.xib */; };
		4D45EFD01A9DFABA00C40BB4 /* AnagramSolverTests.swift in Sources */ = {isa = PBXBuildFile; fileRef = 4D45EFCF1A9DFABA00C40BB4 /* AnagramSolverTests.swift */; };
		4D45F01C1A9E03BE00C40BB4 /* RootViewController.swift in Sources */ = {isa = PBXBuildFile; fileRef = 4D45F0181A9E03BE00C40BB4 /* RootViewController.swift */; };
		4D45F0241A9E487A00C40BB4 /* Model.swift in Sources */ = {isa = PBXBuildFile; fileRef = 4D45F0231A9E487A00C40BB4 /* Model.swift */; };
		4D9D30EB1D156D5D0088392C /* IAPHelper.swift in Sources */ = {isa = PBXBuildFile; fileRef = 4D9D30EA1D156D5D0088392C /* IAPHelper.swift */; };
		4D9E43AA1FAC84C6007007C8 /* WordListCallbackAbstractFactory.swift in Sources */ = {isa = PBXBuildFile; fileRef = 4D9E43A91FAC84C6007007C8 /* WordListCallbackAbstractFactory.swift */; };
		4D9E43AD1FAC84FC007007C8 /* Filter.swift in Sources */ = {isa = PBXBuildFile; fileRef = 4D9E43AC1FAC84FC007007C8 /* Filter.swift */; };
		4D9E43B11FAC86EC007007C8 /* FilterFactory.swift in Sources */ = {isa = PBXBuildFile; fileRef = 4D9E43B01FAC86EC007007C8 /* FilterFactory.swift */; };
		4DA0C3F7236B0FC800AF693B /* Matches.swift in Sources */ = {isa = PBXBuildFile; fileRef = 4DA0C3F6236B0FC800AF693B /* Matches.swift */; };
		4DA0C3FA236C761600AF693B /* AppState.swift in Sources */ = {isa = PBXBuildFile; fileRef = 4DA0C3F9236C761600AF693B /* AppState.swift */; };
		4DBBEEA9239A7C3800ADCA41 /* colors.xcassets in Resources */ = {isa = PBXBuildFile; fileRef = 4DBBEEA8239A7C3800ADCA41 /* colors.xcassets */; };
		4DE5CA8B238EB6170013D3F5 /* words.txt in Resources */ = {isa = PBXBuildFile; fileRef = 4DE5CA89238EB6170013D3F5 /* words.txt */; };
		4DE5CA8D238EB6250013D3F5 /* sowpods.txt in Resources */ = {isa = PBXBuildFile; fileRef = 4DE5CA8C238EB6250013D3F5 /* sowpods.txt */; };
		4DE5CA8F238EB6330013D3F5 /* twl.txt in Resources */ = {isa = PBXBuildFile; fileRef = 4DE5CA8E238EB6330013D3F5 /* twl.txt */; };
		4DF2DE3A1FACBDBB00F44ADE /* FilterViewController.swift in Sources */ = {isa = PBXBuildFile; fileRef = 4DF2DE391FACBDBB00F44ADE /* FilterViewController.swift */; };
		4DF2DE3D1FACC4B300F44ADE /* LettersFilterTableViewCell.swift in Sources */ = {isa = PBXBuildFile; fileRef = 4DF2DE3C1FACC4B300F44ADE /* LettersFilterTableViewCell.swift */; };
		4DF2DE401FB0A82300F44ADE /* ListViewController.swift in Sources */ = {isa = PBXBuildFile; fileRef = 4DF2DE3F1FB0A82300F44ADE /* ListViewController.swift */; };
		4DF7B6D61D10419F00A26A20 /* StoreKit.framework in Frameworks */ = {isa = PBXBuildFile; fileRef = 4DF7B6D51D10419F00A26A20 /* StoreKit.framework */; };
		4DF8C23E1AA08AF500642E75 /* MatchesViewController.swift in Sources */ = {isa = PBXBuildFile; fileRef = 4DF8C23D1AA08AF500642E75 /* MatchesViewController.swift */; };
		B98A90515758048121BFEF80 /* Pods_AnagramSolverTests.framework in Frameworks */ = {isa = PBXBuildFile; fileRef = F7965FE98B3E9D2A1706D894 /* Pods_AnagramSolverTests.framework */; };
/* End PBXBuildFile section */

/* Begin PBXContainerItemProxy section */
		4D0543801CFDBC530084538A /* PBXContainerItemProxy */ = {
			isa = PBXContainerItemProxy;
			containerPortal = 4D05437B1CFDBC530084538A /* SwiftUtils.xcodeproj */;
			proxyType = 2;
			remoteGlobalIDString = 4D45EFE31A9DFB3700C40BB4;
			remoteInfo = SwiftUtils;
		};
		4D0543821CFDBC530084538A /* PBXContainerItemProxy */ = {
			isa = PBXContainerItemProxy;
			containerPortal = 4D05437B1CFDBC530084538A /* SwiftUtils.xcodeproj */;
			proxyType = 2;
			remoteGlobalIDString = 4D45EFEE1A9DFB3700C40BB4;
			remoteInfo = SwiftUtilsTests;
		};
		4D0543871CFDBE060084538A /* PBXContainerItemProxy */ = {
			isa = PBXContainerItemProxy;
			containerPortal = 4D05437B1CFDBC530084538A /* SwiftUtils.xcodeproj */;
			proxyType = 1;
			remoteGlobalIDString = 4D45EFE21A9DFB3700C40BB4;
			remoteInfo = SwiftUtils;
		};
		4D45EFCA1A9DFABA00C40BB4 /* PBXContainerItemProxy */ = {
			isa = PBXContainerItemProxy;
			containerPortal = 4D45EFAC1A9DFABA00C40BB4 /* Project object */;
			proxyType = 1;
			remoteGlobalIDString = 4D45EFB31A9DFABA00C40BB4;
			remoteInfo = AnagramSolver;
		};
/* End PBXContainerItemProxy section */

/* Begin PBXCopyFilesBuildPhase section */
		4D0543891CFDBE060084538A /* Embed Frameworks */ = {
			isa = PBXCopyFilesBuildPhase;
			buildActionMask = 2147483647;
			dstPath = "";
			dstSubfolderSpec = 10;
			files = (
				4D0543861CFDBE060084538A /* SwiftUtils.framework in Embed Frameworks */,
			);
			name = "Embed Frameworks";
			runOnlyForDeploymentPostprocessing = 0;
		};
/* End PBXCopyFilesBuildPhase section */

/* Begin PBXFileReference section */
		001AAC2126EA9093000CC6B6 /* phrases.txt */ = {isa = PBXFileReference; fileEncoding = 4; lastKnownFileType = text; path = phrases.txt; sourceTree = "<group>"; };
		0029A03425307170002E96D1 /* Strings.swift */ = {isa = PBXFileReference; fileEncoding = 4; lastKnownFileType = sourcecode.swift; path = Strings.swift; sourceTree = "<group>"; };
		003E10E7253EF72400AE8155 /* wordlist-fr.txt */ = {isa = PBXFileReference; fileEncoding = 4; lastKnownFileType = text; path = "wordlist-fr.txt"; sourceTree = "<group>"; };
		003E10E9253EF72400AE8155 /* wordlist-de.txt */ = {isa = PBXFileReference; fileEncoding = 4; lastKnownFileType = text; path = "wordlist-de.txt"; sourceTree = "<group>"; };
		003E10EA253EF72400AE8155 /* wordlist-es.txt */ = {isa = PBXFileReference; fileEncoding = 4; lastKnownFileType = text; path = "wordlist-es.txt"; sourceTree = "<group>"; };
		004AA91B26CD306D00A63C47 /* SettingsView.swift */ = {isa = PBXFileReference; lastKnownFileType = sourcecode.swift; path = SettingsView.swift; sourceTree = "<group>"; };
		004AA91E26CE565F00A63C47 /* SettingsViewModel.swift */ = {isa = PBXFileReference; lastKnownFileType = sourcecode.swift; path = SettingsViewModel.swift; sourceTree = "<group>"; };
		004AA92026CEB1CB00A63C47 /* SettingsPicker.swift */ = {isa = PBXFileReference; lastKnownFileType = sourcecode.swift; path = SettingsPicker.swift; sourceTree = "<group>"; };
		0051B66125CC194300AB8B9D /* UserGuideRow.swift */ = {isa = PBXFileReference; lastKnownFileType = sourcecode.swift; path = UserGuideRow.swift; sourceTree = "<group>"; };
		005BCB3126AAC69700DF44CE /* UserGuideCard.swift */ = {isa = PBXFileReference; lastKnownFileType = sourcecode.swift; path = UserGuideCard.swift; sourceTree = "<group>"; };
		005BCB3426AACA2400DF44CE /* HelpOutCard.swift */ = {isa = PBXFileReference; lastKnownFileType = sourcecode.swift; path = HelpOutCard.swift; sourceTree = "<group>"; };
		005BCB3626AACED400DF44CE /* AutoTestCard.swift */ = {isa = PBXFileReference; lastKnownFileType = sourcecode.swift; path = AutoTestCard.swift; sourceTree = "<group>"; };
		005BCB3826AAD23900DF44CE /* UpgradeCard.swift */ = {isa = PBXFileReference; lastKnownFileType = sourcecode.swift; path = UpgradeCard.swift; sourceTree = "<group>"; };
		006D010126A1936600DA083D /* TipCard.swift */ = {isa = PBXFileReference; lastKnownFileType = sourcecode.swift; path = TipCard.swift; sourceTree = "<group>"; };
		006D010426A1B89000DA083D /* CardTips.swift */ = {isa = PBXFileReference; lastKnownFileType = sourcecode.swift; path = CardTips.swift; sourceTree = "<group>"; };
		0081F01325B1BB6C00792552 /* wordlist-it.txt */ = {isa = PBXFileReference; fileEncoding = 4; lastKnownFileType = text; path = "wordlist-it.txt"; sourceTree = "<group>"; };
		0081F01425B1BB6C00792552 /* wordlist-pt.txt */ = {isa = PBXFileReference; fileEncoding = 4; lastKnownFileType = text; path = "wordlist-pt.txt"; sourceTree = "<group>"; };
		0091BC042535E5A000BE7A43 /* AutoTest.swift */ = {isa = PBXFileReference; lastKnownFileType = sourcecode.swift; path = AutoTest.swift; sourceTree = "<group>"; };
		00EEA6F925CABCA60017F6A4 /* TipsView.swift */ = {isa = PBXFileReference; lastKnownFileType = sourcecode.swift; path = TipsView.swift; sourceTree = "<group>"; };
		00EEA6FC25CABDB10017F6A4 /* TipsData.swift */ = {isa = PBXFileReference; lastKnownFileType = sourcecode.swift; path = TipsData.swift; sourceTree = "<group>"; };
		00EEA6FF25CABE8D0017F6A4 /* tips.json */ = {isa = PBXFileReference; fileEncoding = 4; lastKnownFileType = text.json; path = tips.json; sourceTree = "<group>"; };
		00EEA70225CABF7D0017F6A4 /* HelpViewModel.swift */ = {isa = PBXFileReference; fileEncoding = 4; lastKnownFileType = sourcecode.swift; path = HelpViewModel.swift; sourceTree = "<group>"; };
		00EEA70525CABFE50017F6A4 /* TipRow.swift */ = {isa = PBXFileReference; fileEncoding = 4; lastKnownFileType = sourcecode.swift; path = TipRow.swift; sourceTree = "<group>"; };
		00EEA70625CABFE50017F6A4 /* FilterRow.swift */ = {isa = PBXFileReference; fileEncoding = 4; lastKnownFileType = sourcecode.swift; path = FilterRow.swift; sourceTree = "<group>"; };
		00EEA70725CABFE50017F6A4 /* DefinitionRow.swift */ = {isa = PBXFileReference; fileEncoding = 4; lastKnownFileType = sourcecode.swift; path = DefinitionRow.swift; sourceTree = "<group>"; };
		00EEA70825CABFE50017F6A4 /* FeedbackRow.swift */ = {isa = PBXFileReference; fileEncoding = 4; lastKnownFileType = sourcecode.swift; path = FeedbackRow.swift; sourceTree = "<group>"; };
		00EEA70925CABFE50017F6A4 /* SettingsRow.swift */ = {isa = PBXFileReference; fileEncoding = 4; lastKnownFileType = sourcecode.swift; path = SettingsRow.swift; sourceTree = "<group>"; };
		00EEA70A25CABFE50017F6A4 /* AboutRow.swift */ = {isa = PBXFileReference; fileEncoding = 4; lastKnownFileType = sourcecode.swift; path = AboutRow.swift; sourceTree = "<group>"; };
		00EEA70B25CABFE50017F6A4 /* RateRow.swift */ = {isa = PBXFileReference; fileEncoding = 4; lastKnownFileType = sourcecode.swift; path = RateRow.swift; sourceTree = "<group>"; };
		00EEA70C25CABFE50017F6A4 /* TellFriendRow.swift */ = {isa = PBXFileReference; fileEncoding = 4; lastKnownFileType = sourcecode.swift; path = TellFriendRow.swift; sourceTree = "<group>"; };
		00EEA71625CAC02D0017F6A4 /* AutomatedTestRow.swift */ = {isa = PBXFileReference; fileEncoding = 4; lastKnownFileType = sourcecode.swift; path = AutomatedTestRow.swift; sourceTree = "<group>"; };
		00EEA71925CAC2A40017F6A4 /* Coordinator.swift */ = {isa = PBXFileReference; lastKnownFileType = sourcecode.swift; path = Coordinator.swift; sourceTree = "<group>"; };
		00EEA71C25CAC5050017F6A4 /* AboutViewModel.swift */ = {isa = PBXFileReference; fileEncoding = 4; lastKnownFileType = sourcecode.swift; path = AboutViewModel.swift; sourceTree = "<group>"; };
		00EEA71F25CAC59D0017F6A4 /* MailView.swift */ = {isa = PBXFileReference; fileEncoding = 4; lastKnownFileType = sourcecode.swift; path = MailView.swift; sourceTree = "<group>"; };
		00EEA72225CAC8190017F6A4 /* FilterHelpView.swift */ = {isa = PBXFileReference; fileEncoding = 4; lastKnownFileType = sourcecode.swift; path = FilterHelpView.swift; sourceTree = "<group>"; };
		00EEA72325CAC8190017F6A4 /* HelpView.swift */ = {isa = PBXFileReference; fileEncoding = 4; lastKnownFileType = sourcecode.swift; path = HelpView.swift; sourceTree = "<group>"; };
		00EEA72725CAC85A0017F6A4 /* DefinitionHelpView.swift */ = {isa = PBXFileReference; fileEncoding = 4; lastKnownFileType = sourcecode.swift; path = DefinitionHelpView.swift; sourceTree = "<group>"; };
		00EEA72B25CAC8B50017F6A4 /* ActivityViewController.swift */ = {isa = PBXFileReference; fileEncoding = 4; lastKnownFileType = sourcecode.swift; path = ActivityViewController.swift; sourceTree = "<group>"; };
		00EEA72E25CACB430017F6A4 /* AboutView.swift */ = {isa = PBXFileReference; fileEncoding = 4; lastKnownFileType = sourcecode.swift; path = AboutView.swift; sourceTree = "<group>"; };
		00F17DCB26A8463400452020 /* small.txt */ = {isa = PBXFileReference; fileEncoding = 4; lastKnownFileType = text; path = small.txt; sourceTree = "<group>"; };
		00F17DD326A9ABD000452020 /* RootView.swift */ = {isa = PBXFileReference; lastKnownFileType = sourcecode.swift; path = RootView.swift; sourceTree = "<group>"; };
		00F17DD626A9CC3500452020 /* SettingsCard.swift */ = {isa = PBXFileReference; lastKnownFileType = sourcecode.swift; path = SettingsCard.swift; sourceTree = "<group>"; };
		00F17DD826A9D00700452020 /* SettingsHelpView.swift */ = {isa = PBXFileReference; lastKnownFileType = sourcecode.swift; path = SettingsHelpView.swift; sourceTree = "<group>"; };
		00F17DDA26A9DD4000452020 /* DefinitionsCard.swift */ = {isa = PBXFileReference; lastKnownFileType = sourcecode.swift; path = DefinitionsCard.swift; sourceTree = "<group>"; };
		00F17DDC26A9E17300452020 /* FilterCard.swift */ = {isa = PBXFileReference; lastKnownFileType = sourcecode.swift; path = FilterCard.swift; sourceTree = "<group>"; };
		00F17DDE26AAB8EB00452020 /* AboutCard.swift */ = {isa = PBXFileReference; lastKnownFileType = sourcecode.swift; path = AboutCard.swift; sourceTree = "<group>"; };
		4D05437B1CFDBC530084538A /* SwiftUtils.xcodeproj */ = {isa = PBXFileReference; lastKnownFileType = "wrapper.pb-project"; name = SwiftUtils.xcodeproj; path = ../SwiftUtils/SwiftUtils.xcodeproj; sourceTree = "<group>"; };
		4D1D6E631FA0CE33008466F2 /* Pods_AnagramSolver.framework */ = {isa = PBXFileReference; explicitFileType = wrapper.framework; path = Pods_AnagramSolver.framework; sourceTree = BUILT_PRODUCTS_DIR; };
		4D2B35C21D33AAE30014ABF3 /* IAPFactory.swift */ = {isa = PBXFileReference; fileEncoding = 4; lastKnownFileType = sourcecode.swift; path = IAPFactory.swift; sourceTree = "<group>"; };
		4D3596401CFEEA50008D2FAF /* Ads.swift */ = {isa = PBXFileReference; fileEncoding = 4; lastKnownFileType = sourcecode.swift; path = Ads.swift; sourceTree = "<group>"; };
		4D45D7AF1E2901BF00EC2D27 /* Settings.bundle */ = {isa = PBXFileReference; lastKnownFileType = "wrapper.plug-in"; path = Settings.bundle; sourceTree = "<group>"; };
		4D45D7B21E2CF0C500EC2D27 /* Settings.swift */ = {isa = PBXFileReference; fileEncoding = 4; lastKnownFileType = sourcecode.swift; path = Settings.swift; sourceTree = "<group>"; };
		4D45EFB41A9DFABA00C40BB4 /* AnagramSolver.app */ = {isa = PBXFileReference; explicitFileType = wrapper.application; includeInIndex = 0; path = AnagramSolver.app; sourceTree = BUILT_PRODUCTS_DIR; };
		4D45EFB81A9DFABA00C40BB4 /* Info.plist */ = {isa = PBXFileReference; lastKnownFileType = text.plist.xml; path = Info.plist; sourceTree = "<group>"; };
		4D45EFB91A9DFABA00C40BB4 /* AppDelegate.swift */ = {isa = PBXFileReference; lastKnownFileType = sourcecode.swift; path = AppDelegate.swift; sourceTree = "<group>"; };
		4D45EFBE1A9DFABA00C40BB4 /* Base */ = {isa = PBXFileReference; lastKnownFileType = file.storyboard; name = Base; path = Base.lproj/Main.storyboard; sourceTree = "<group>"; };
		4D45EFC01A9DFABA00C40BB4 /* Images.xcassets */ = {isa = PBXFileReference; lastKnownFileType = folder.assetcatalog; path = Images.xcassets; sourceTree = "<group>"; };
		4D45EFC31A9DFABA00C40BB4 /* Base */ = {isa = PBXFileReference; lastKnownFileType = file.xib; name = Base; path = Base.lproj/LaunchScreen.xib; sourceTree = "<group>"; };
		4D45EFC91A9DFABA00C40BB4 /* AnagramSolverTests.xctest */ = {isa = PBXFileReference; explicitFileType = wrapper.cfbundle; includeInIndex = 0; path = AnagramSolverTests.xctest; sourceTree = BUILT_PRODUCTS_DIR; };
		4D45EFCE1A9DFABA00C40BB4 /* Info.plist */ = {isa = PBXFileReference; lastKnownFileType = text.plist.xml; path = Info.plist; sourceTree = "<group>"; };
		4D45EFCF1A9DFABA00C40BB4 /* AnagramSolverTests.swift */ = {isa = PBXFileReference; lastKnownFileType = sourcecode.swift; path = AnagramSolverTests.swift; sourceTree = "<group>"; };
		4D45F0181A9E03BE00C40BB4 /* RootViewController.swift */ = {isa = PBXFileReference; fileEncoding = 4; lastKnownFileType = sourcecode.swift; path = RootViewController.swift; sourceTree = "<group>"; };
		4D45F0231A9E487A00C40BB4 /* Model.swift */ = {isa = PBXFileReference; fileEncoding = 4; lastKnownFileType = sourcecode.swift; path = Model.swift; sourceTree = "<group>"; };
		4D9D30EA1D156D5D0088392C /* IAPHelper.swift */ = {isa = PBXFileReference; fileEncoding = 4; lastKnownFileType = sourcecode.swift; path = IAPHelper.swift; sourceTree = "<group>"; };
		4D9E43A91FAC84C6007007C8 /* WordListCallbackAbstractFactory.swift */ = {isa = PBXFileReference; lastKnownFileType = sourcecode.swift; path = WordListCallbackAbstractFactory.swift; sourceTree = "<group>"; };
		4D9E43AC1FAC84FC007007C8 /* Filter.swift */ = {isa = PBXFileReference; lastKnownFileType = sourcecode.swift; path = Filter.swift; sourceTree = "<group>"; };
		4D9E43B01FAC86EC007007C8 /* FilterFactory.swift */ = {isa = PBXFileReference; lastKnownFileType = sourcecode.swift; path = FilterFactory.swift; sourceTree = "<group>"; usesTabs = 0; };
		4DA0C3F6236B0FC800AF693B /* Matches.swift */ = {isa = PBXFileReference; lastKnownFileType = sourcecode.swift; path = Matches.swift; sourceTree = "<group>"; };
		4DA0C3F9236C761600AF693B /* AppState.swift */ = {isa = PBXFileReference; lastKnownFileType = sourcecode.swift; path = AppState.swift; sourceTree = "<group>"; };
		4DBBEEA8239A7C3800ADCA41 /* colors.xcassets */ = {isa = PBXFileReference; lastKnownFileType = folder.assetcatalog; path = colors.xcassets; sourceTree = "<group>"; };
		4DE5CA89238EB6170013D3F5 /* words.txt */ = {isa = PBXFileReference; fileEncoding = 4; lastKnownFileType = text; path = words.txt; sourceTree = "<group>"; };
		4DE5CA8C238EB6250013D3F5 /* sowpods.txt */ = {isa = PBXFileReference; fileEncoding = 4; lastKnownFileType = text; path = sowpods.txt; sourceTree = "<group>"; };
		4DE5CA8E238EB6330013D3F5 /* twl.txt */ = {isa = PBXFileReference; fileEncoding = 4; lastKnownFileType = text; path = twl.txt; sourceTree = "<group>"; };
		4DF2DE391FACBDBB00F44ADE /* FilterViewController.swift */ = {isa = PBXFileReference; lastKnownFileType = sourcecode.swift; path = FilterViewController.swift; sourceTree = "<group>"; };
		4DF2DE3C1FACC4B300F44ADE /* LettersFilterTableViewCell.swift */ = {isa = PBXFileReference; lastKnownFileType = sourcecode.swift; path = LettersFilterTableViewCell.swift; sourceTree = "<group>"; };
		4DF2DE3F1FB0A82300F44ADE /* ListViewController.swift */ = {isa = PBXFileReference; lastKnownFileType = sourcecode.swift; path = ListViewController.swift; sourceTree = "<group>"; };
		4DF7B6D51D10419F00A26A20 /* StoreKit.framework */ = {isa = PBXFileReference; lastKnownFileType = wrapper.framework; name = StoreKit.framework; path = System/Library/Frameworks/StoreKit.framework; sourceTree = SDKROOT; };
		4DF8C23D1AA08AF500642E75 /* MatchesViewController.swift */ = {isa = PBXFileReference; fileEncoding = 4; lastKnownFileType = sourcecode.swift; path = MatchesViewController.swift; sourceTree = "<group>"; };
		9F767D7B066CC063F11B0CB8 /* Pods-AnagramSolver.release.xcconfig */ = {isa = PBXFileReference; includeInIndex = 1; lastKnownFileType = text.xcconfig; name = "Pods-AnagramSolver.release.xcconfig"; path = "Pods/Target Support Files/Pods-AnagramSolver/Pods-AnagramSolver.release.xcconfig"; sourceTree = "<group>"; };
		C818D066BAB2E9CF4F60E3A1 /* Pods-AnagramSolverTests.debug.xcconfig */ = {isa = PBXFileReference; includeInIndex = 1; lastKnownFileType = text.xcconfig; name = "Pods-AnagramSolverTests.debug.xcconfig"; path = "Pods/Target Support Files/Pods-AnagramSolverTests/Pods-AnagramSolverTests.debug.xcconfig"; sourceTree = "<group>"; };
		EB50C070B1073CE365C9392E /* Pods-AnagramSolver.debug.xcconfig */ = {isa = PBXFileReference; includeInIndex = 1; lastKnownFileType = text.xcconfig; name = "Pods-AnagramSolver.debug.xcconfig"; path = "Pods/Target Support Files/Pods-AnagramSolver/Pods-AnagramSolver.debug.xcconfig"; sourceTree = "<group>"; };
		F26459812A8DD854C17A8DEA /* Pods-AnagramSolverTests.release.xcconfig */ = {isa = PBXFileReference; includeInIndex = 1; lastKnownFileType = text.xcconfig; name = "Pods-AnagramSolverTests.release.xcconfig"; path = "Pods/Target Support Files/Pods-AnagramSolverTests/Pods-AnagramSolverTests.release.xcconfig"; sourceTree = "<group>"; };
		F7965FE98B3E9D2A1706D894 /* Pods_AnagramSolverTests.framework */ = {isa = PBXFileReference; explicitFileType = wrapper.framework; includeInIndex = 0; path = Pods_AnagramSolverTests.framework; sourceTree = BUILT_PRODUCTS_DIR; };
/* End PBXFileReference section */

/* Begin PBXFrameworksBuildPhase section */
		4D45EFB11A9DFABA00C40BB4 /* Frameworks */ = {
			isa = PBXFrameworksBuildPhase;
			buildActionMask = 2147483647;
			files = (
				4D1D6E621FA0CE33008466F2 /* Pods_AnagramSolver.framework in Frameworks */,
				4DF7B6D61D10419F00A26A20 /* StoreKit.framework in Frameworks */,
				4D0543851CFDBE060084538A /* SwiftUtils.framework in Frameworks */,
			);
			runOnlyForDeploymentPostprocessing = 0;
		};
		4D45EFC61A9DFABA00C40BB4 /* Frameworks */ = {
			isa = PBXFrameworksBuildPhase;
			buildActionMask = 2147483647;
			files = (
				B98A90515758048121BFEF80 /* Pods_AnagramSolverTests.framework in Frameworks */,
			);
			runOnlyForDeploymentPostprocessing = 0;
		};
/* End PBXFrameworksBuildPhase section */

/* Begin PBXGroup section */
		0029A03325307126002E96D1 /* Model */ = {
			isa = PBXGroup;
			children = (
				00EEA71C25CAC5050017F6A4 /* AboutViewModel.swift */,
				4D3596401CFEEA50008D2FAF /* Ads.swift */,
				4DA0C3F9236C761600AF693B /* AppState.swift */,
				0091BC042535E5A000BE7A43 /* AutoTest.swift */,
				00EEA71925CAC2A40017F6A4 /* Coordinator.swift */,
				4D9E43AC1FAC84FC007007C8 /* Filter.swift */,
				4D9E43B01FAC86EC007007C8 /* FilterFactory.swift */,
				00EEA70225CABF7D0017F6A4 /* HelpViewModel.swift */,
				4D2B35C21D33AAE30014ABF3 /* IAPFactory.swift */,
				4D9D30EA1D156D5D0088392C /* IAPHelper.swift */,
				4DA0C3F6236B0FC800AF693B /* Matches.swift */,
				4D45F0231A9E487A00C40BB4 /* Model.swift */,
				4D45D7B21E2CF0C500EC2D27 /* Settings.swift */,
				004AA91E26CE565F00A63C47 /* SettingsViewModel.swift */,
				0029A03425307170002E96D1 /* Strings.swift */,
				00EEA6FC25CABDB10017F6A4 /* TipsData.swift */,
				4D9E43A91FAC84C6007007C8 /* WordListCallbackAbstractFactory.swift */,
			);
			path = Model;
			sourceTree = "<group>";
		};
		00EEA6F625CABBB40017F6A4 /* Views */ = {
			isa = PBXGroup;
			children = (
				00EEA72E25CACB430017F6A4 /* AboutView.swift */,
				006D010426A1B89000DA083D /* CardTips.swift */,
				00EEA72725CAC85A0017F6A4 /* DefinitionHelpView.swift */,
				00EEA72225CAC8190017F6A4 /* FilterHelpView.swift */,
				00EEA72325CAC8190017F6A4 /* HelpView.swift */,
				00F17DD326A9ABD000452020 /* RootView.swift */,
				00F17DD826A9D00700452020 /* SettingsHelpView.swift */,
				004AA91B26CD306D00A63C47 /* SettingsView.swift */,
				00EEA6F925CABCA60017F6A4 /* TipsView.swift */,
			);
			name = Views;
			sourceTree = "<group>";
		};
		00EEA6F825CABBD60017F6A4 /* Supporting Views */ = {
			isa = PBXGroup;
			children = (
				00F17DDE26AAB8EB00452020 /* AboutCard.swift */,
				00EEA70A25CABFE50017F6A4 /* AboutRow.swift */,
				00EEA72B25CAC8B50017F6A4 /* ActivityViewController.swift */,
				00EEA71625CAC02D0017F6A4 /* AutomatedTestRow.swift */,
				005BCB3626AACED400DF44CE /* AutoTestCard.swift */,
				00EEA70725CABFE50017F6A4 /* DefinitionRow.swift */,
				00F17DDA26A9DD4000452020 /* DefinitionsCard.swift */,
				00EEA70825CABFE50017F6A4 /* FeedbackRow.swift */,
				00F17DDC26A9E17300452020 /* FilterCard.swift */,
				00EEA70625CABFE50017F6A4 /* FilterRow.swift */,
				005BCB3426AACA2400DF44CE /* HelpOutCard.swift */,
				00EEA71F25CAC59D0017F6A4 /* MailView.swift */,
				00EEA70B25CABFE50017F6A4 /* RateRow.swift */,
				00F17DD626A9CC3500452020 /* SettingsCard.swift */,
				004AA92026CEB1CB00A63C47 /* SettingsPicker.swift */,
				00EEA70925CABFE50017F6A4 /* SettingsRow.swift */,
				00EEA70C25CABFE50017F6A4 /* TellFriendRow.swift */,
				006D010126A1936600DA083D /* TipCard.swift */,
				00EEA70525CABFE50017F6A4 /* TipRow.swift */,
				005BCB3826AAD23900DF44CE /* UpgradeCard.swift */,
				005BCB3126AAC69700DF44CE /* UserGuideCard.swift */,
				0051B66125CC194300AB8B9D /* UserGuideRow.swift */,
			);
			name = "Supporting Views";
			sourceTree = "<group>";
		};
		1E9D5EE9EB3E676642812536 /* Frameworks */ = {
			isa = PBXGroup;
			children = (
				4D1D6E631FA0CE33008466F2 /* Pods_AnagramSolver.framework */,
				4DF7B6D51D10419F00A26A20 /* StoreKit.framework */,
				4D05437B1CFDBC530084538A /* SwiftUtils.xcodeproj */,
				F7965FE98B3E9D2A1706D894 /* Pods_AnagramSolverTests.framework */,
			);
			name = Frameworks;
			sourceTree = "<group>";
		};
		4D05437C1CFDBC530084538A /* Products */ = {
			isa = PBXGroup;
			children = (
				4D0543811CFDBC530084538A /* SwiftUtils.framework */,
				4D0543831CFDBC530084538A /* SwiftUtilsTests.xctest */,
			);
			name = Products;
			sourceTree = "<group>";
		};
		4D1D62BB1E26674F00231DB3 /* ViewControllers */ = {
			isa = PBXGroup;
			children = (
				4DF2DE391FACBDBB00F44ADE /* FilterViewController.swift */,
				4DF2DE3C1FACC4B300F44ADE /* LettersFilterTableViewCell.swift */,
				4DF2DE3F1FB0A82300F44ADE /* ListViewController.swift */,
				4DF8C23D1AA08AF500642E75 /* MatchesViewController.swift */,
				4D45F0181A9E03BE00C40BB4 /* RootViewController.swift */,
			);
			name = ViewControllers;
			sourceTree = "<group>";
		};
		4D45EFAB1A9DFABA00C40BB4 = {
			isa = PBXGroup;
			children = (
				4D45D7AF1E2901BF00EC2D27 /* Settings.bundle */,
				4D45EFB61A9DFABA00C40BB4 /* AnagramSolver */,
				4D45EFCC1A9DFABA00C40BB4 /* AnagramSolverTests */,
				4D45EFB51A9DFABA00C40BB4 /* Products */,
				7FB7BD6A460C0022C46DE682 /* Pods */,
				1E9D5EE9EB3E676642812536 /* Frameworks */,
			);
			sourceTree = "<group>";
		};
		4D45EFB51A9DFABA00C40BB4 /* Products */ = {
			isa = PBXGroup;
			children = (
				4D45EFB41A9DFABA00C40BB4 /* AnagramSolver.app */,
				4D45EFC91A9DFABA00C40BB4 /* AnagramSolverTests.xctest */,
			);
			name = Products;
			sourceTree = "<group>";
		};
		4D45EFB61A9DFABA00C40BB4 /* AnagramSolver */ = {
			isa = PBXGroup;
			children = (
				0029A03325307126002E96D1 /* Model */,
				4D45EFB71A9DFABA00C40BB4 /* Supporting Files */,
				00EEA6F825CABBD60017F6A4 /* Supporting Views */,
				4D1D62BB1E26674F00231DB3 /* ViewControllers */,
				00EEA6F625CABBB40017F6A4 /* Views */,
				4D45EFB91A9DFABA00C40BB4 /* AppDelegate.swift */,
			);
			path = AnagramSolver;
			sourceTree = "<group>";
		};
		4D45EFB71A9DFABA00C40BB4 /* Supporting Files */ = {
			isa = PBXGroup;
			children = (
				4DBBEEA8239A7C3800ADCA41 /* colors.xcassets */,
				4D45EFC01A9DFABA00C40BB4 /* Images.xcassets */,
				4D45EFB81A9DFABA00C40BB4 /* Info.plist */,
				4D45EFC21A9DFABA00C40BB4 /* LaunchScreen.xib */,
				4D45EFBD1A9DFABA00C40BB4 /* Main.storyboard */,
				001AAC2126EA9093000CC6B6 /* phrases.txt */,
				00F17DCB26A8463400452020 /* small.txt */,
				4DE5CA8C238EB6250013D3F5 /* sowpods.txt */,
				00EEA6FF25CABE8D0017F6A4 /* tips.json */,
				4DE5CA8E238EB6330013D3F5 /* twl.txt */,
				003E10E9253EF72400AE8155 /* wordlist-de.txt */,
				003E10EA253EF72400AE8155 /* wordlist-es.txt */,
				003E10E7253EF72400AE8155 /* wordlist-fr.txt */,
				0081F01325B1BB6C00792552 /* wordlist-it.txt */,
				0081F01425B1BB6C00792552 /* wordlist-pt.txt */,
				4DE5CA89238EB6170013D3F5 /* words.txt */,
			);
			name = "Supporting Files";
			sourceTree = "<group>";
		};
		4D45EFCC1A9DFABA00C40BB4 /* AnagramSolverTests */ = {
			isa = PBXGroup;
			children = (
				4D45EFCF1A9DFABA00C40BB4 /* AnagramSolverTests.swift */,
				4D45EFCD1A9DFABA00C40BB4 /* Supporting Files */,
			);
			path = AnagramSolverTests;
			sourceTree = "<group>";
		};
		4D45EFCD1A9DFABA00C40BB4 /* Supporting Files */ = {
			isa = PBXGroup;
			children = (
				4D45EFCE1A9DFABA00C40BB4 /* Info.plist */,
			);
			name = "Supporting Files";
			sourceTree = "<group>";
		};
		7FB7BD6A460C0022C46DE682 /* Pods */ = {
			isa = PBXGroup;
			children = (
				EB50C070B1073CE365C9392E /* Pods-AnagramSolver.debug.xcconfig */,
				9F767D7B066CC063F11B0CB8 /* Pods-AnagramSolver.release.xcconfig */,
				C818D066BAB2E9CF4F60E3A1 /* Pods-AnagramSolverTests.debug.xcconfig */,
				F26459812A8DD854C17A8DEA /* Pods-AnagramSolverTests.release.xcconfig */,
			);
			name = Pods;
			sourceTree = "<group>";
		};
/* End PBXGroup section */

/* Begin PBXNativeTarget section */
		4D45EFB31A9DFABA00C40BB4 /* AnagramSolver */ = {
			isa = PBXNativeTarget;
			buildConfigurationList = 4D45EFD31A9DFABA00C40BB4 /* Build configuration list for PBXNativeTarget "AnagramSolver" */;
			buildPhases = (
				64B75DAE61084E7DD7508C15 /* [CP] Check Pods Manifest.lock */,
				4D45EFB01A9DFABA00C40BB4 /* Sources */,
				4D45EFB11A9DFABA00C40BB4 /* Frameworks */,
				4D45EFB21A9DFABA00C40BB4 /* Resources */,
				72BE4F180998AADA5422F363 /* [CP] Embed Pods Frameworks */,
				4D0543891CFDBE060084538A /* Embed Frameworks */,
			);
			buildRules = (
			);
			dependencies = (
				4D0543881CFDBE060084538A /* PBXTargetDependency */,
			);
			name = AnagramSolver;
			productName = AnagramSolver;
			productReference = 4D45EFB41A9DFABA00C40BB4 /* AnagramSolver.app */;
			productType = "com.apple.product-type.application";
		};
		4D45EFC81A9DFABA00C40BB4 /* AnagramSolverTests */ = {
			isa = PBXNativeTarget;
			buildConfigurationList = 4D45EFD61A9DFABA00C40BB4 /* Build configuration list for PBXNativeTarget "AnagramSolverTests" */;
			buildPhases = (
				AE6A03C175EDED863D07CFC7 /* [CP] Check Pods Manifest.lock */,
				4D45EFC51A9DFABA00C40BB4 /* Sources */,
				4D45EFC61A9DFABA00C40BB4 /* Frameworks */,
				4D45EFC71A9DFABA00C40BB4 /* Resources */,
			);
			buildRules = (
			);
			dependencies = (
				4D45EFCB1A9DFABA00C40BB4 /* PBXTargetDependency */,
			);
			name = AnagramSolverTests;
			productName = AnagramSolverTests;
			productReference = 4D45EFC91A9DFABA00C40BB4 /* AnagramSolverTests.xctest */;
			productType = "com.apple.product-type.bundle.unit-test";
		};
/* End PBXNativeTarget section */

/* Begin PBXProject section */
		4D45EFAC1A9DFABA00C40BB4 /* Project object */ = {
			isa = PBXProject;
			attributes = {
				LastSwiftMigration = 0700;
				LastSwiftUpdateCheck = 0700;
				LastUpgradeCheck = 1200;
				ORGANIZATIONNAME = "MPD Bailey Technology";
				TargetAttributes = {
					4D45EFB31A9DFABA00C40BB4 = {
						CreatedOnToolsVersion = 6.1.1;
						LastSwiftMigration = 1110;
						ProvisioningStyle = Automatic;
						SystemCapabilities = {
							com.apple.InAppPurchase = {
								enabled = 1;
							};
						};
					};
					4D45EFC81A9DFABA00C40BB4 = {
						CreatedOnToolsVersion = 6.1.1;
						DevelopmentTeam = ZYM8DA54T6;
						LastSwiftMigration = 1110;
						TestTargetID = 4D45EFB31A9DFABA00C40BB4;
					};
				};
			};
			buildConfigurationList = 4D45EFAF1A9DFABA00C40BB4 /* Build configuration list for PBXProject "AnagramSolver" */;
			compatibilityVersion = "Xcode 11.0";
			developmentRegion = en;
			hasScannedForEncodings = 0;
			knownRegions = (
				en,
				Base,
			);
			mainGroup = 4D45EFAB1A9DFABA00C40BB4;
			productRefGroup = 4D45EFB51A9DFABA00C40BB4 /* Products */;
			projectDirPath = "";
			projectReferences = (
				{
					ProductGroup = 4D05437C1CFDBC530084538A /* Products */;
					ProjectRef = 4D05437B1CFDBC530084538A /* SwiftUtils.xcodeproj */;
				},
			);
			projectRoot = "";
			targets = (
				4D45EFB31A9DFABA00C40BB4 /* AnagramSolver */,
				4D45EFC81A9DFABA00C40BB4 /* AnagramSolverTests */,
			);
		};
/* End PBXProject section */

/* Begin PBXReferenceProxy section */
		4D0543811CFDBC530084538A /* SwiftUtils.framework */ = {
			isa = PBXReferenceProxy;
			fileType = wrapper.framework;
			path = SwiftUtils.framework;
			remoteRef = 4D0543801CFDBC530084538A /* PBXContainerItemProxy */;
			sourceTree = BUILT_PRODUCTS_DIR;
		};
		4D0543831CFDBC530084538A /* SwiftUtilsTests.xctest */ = {
			isa = PBXReferenceProxy;
			fileType = wrapper.cfbundle;
			path = SwiftUtilsTests.xctest;
			remoteRef = 4D0543821CFDBC530084538A /* PBXContainerItemProxy */;
			sourceTree = BUILT_PRODUCTS_DIR;
		};
/* End PBXReferenceProxy section */

/* Begin PBXResourcesBuildPhase section */
		4D45EFB21A9DFABA00C40BB4 /* Resources */ = {
			isa = PBXResourcesBuildPhase;
			buildActionMask = 2147483647;
			files = (
				0081F01625B1BB6C00792552 /* wordlist-pt.txt in Resources */,
				003E10EC253EF72400AE8155 /* wordlist-de.txt in Resources */,
				003E10EB253EF72400AE8155 /* wordlist-fr.txt in Resources */,
				4D45D7B01E2901BF00EC2D27 /* Settings.bundle in Resources */,
				0081F01525B1BB6C00792552 /* wordlist-it.txt in Resources */,
				00EEA70025CABE8D0017F6A4 /* tips.json in Resources */,
				4DE5CA8F238EB6330013D3F5 /* twl.txt in Resources */,
				4D45EFBF1A9DFABA00C40BB4 /* Main.storyboard in Resources */,
				003E10ED253EF72400AE8155 /* wordlist-es.txt in Resources */,
				4DE5CA8B238EB6170013D3F5 /* words.txt in Resources */,
				00F17DCD26A8463400452020 /* small.txt in Resources */,
				4D45EFC41A9DFABA00C40BB4 /* LaunchScreen.xib in Resources */,
				4DBBEEA9239A7C3800ADCA41 /* colors.xcassets in Resources */,
				4DE5CA8D238EB6250013D3F5 /* sowpods.txt in Resources */,
				4D45EFC11A9DFABA00C40BB4 /* Images.xcassets in Resources */,
				001AAC2326EA9093000CC6B6 /* phrases.txt in Resources */,
			);
			runOnlyForDeploymentPostprocessing = 0;
		};
		4D45EFC71A9DFABA00C40BB4 /* Resources */ = {
			isa = PBXResourcesBuildPhase;
			buildActionMask = 2147483647;
			files = (
			);
			runOnlyForDeploymentPostprocessing = 0;
		};
/* End PBXResourcesBuildPhase section */

/* Begin PBXShellScriptBuildPhase section */
		64B75DAE61084E7DD7508C15 /* [CP] Check Pods Manifest.lock */ = {
			isa = PBXShellScriptBuildPhase;
			buildActionMask = 2147483647;
			files = (
			);
			inputPaths = (
				"${PODS_PODFILE_DIR_PATH}/Podfile.lock",
				"${PODS_ROOT}/Manifest.lock",
			);
			name = "[CP] Check Pods Manifest.lock";
			outputPaths = (
				"$(DERIVED_FILE_DIR)/Pods-AnagramSolver-checkManifestLockResult.txt",
			);
			runOnlyForDeploymentPostprocessing = 0;
			shellPath = /bin/sh;
			shellScript = "diff \"${PODS_PODFILE_DIR_PATH}/Podfile.lock\" \"${PODS_ROOT}/Manifest.lock\" > /dev/null\nif [ $? != 0 ] ; then\n    # print error to STDERR\n    echo \"error: The sandbox is not in sync with the Podfile.lock. Run 'pod install' or update your CocoaPods installation.\" >&2\n    exit 1\nfi\n# This output is used by Xcode 'outputs' to avoid re-running this script phase.\necho \"SUCCESS\" > \"${SCRIPT_OUTPUT_FILE_0}\"\n";
			showEnvVarsInLog = 0;
		};
		72BE4F180998AADA5422F363 /* [CP] Embed Pods Frameworks */ = {
			isa = PBXShellScriptBuildPhase;
			buildActionMask = 2147483647;
			files = (
			);
			inputFileListPaths = (
				"${PODS_ROOT}/Target Support Files/Pods-AnagramSolver/Pods-AnagramSolver-frameworks-${CONFIGURATION}-input-files.xcfilelist",
			);
			name = "[CP] Embed Pods Frameworks";
			outputFileListPaths = (
				"${PODS_ROOT}/Target Support Files/Pods-AnagramSolver/Pods-AnagramSolver-frameworks-${CONFIGURATION}-output-files.xcfilelist",
			);
			runOnlyForDeploymentPostprocessing = 0;
			shellPath = /bin/sh;
			shellScript = "\"${PODS_ROOT}/Target Support Files/Pods-AnagramSolver/Pods-AnagramSolver-frameworks.sh\"\n";
			showEnvVarsInLog = 0;
		};
		AE6A03C175EDED863D07CFC7 /* [CP] Check Pods Manifest.lock */ = {
			isa = PBXShellScriptBuildPhase;
			buildActionMask = 2147483647;
			files = (
			);
			inputPaths = (
				"${PODS_PODFILE_DIR_PATH}/Podfile.lock",
				"${PODS_ROOT}/Manifest.lock",
			);
			name = "[CP] Check Pods Manifest.lock";
			outputPaths = (
				"$(DERIVED_FILE_DIR)/Pods-AnagramSolverTests-checkManifestLockResult.txt",
			);
			runOnlyForDeploymentPostprocessing = 0;
			shellPath = /bin/sh;
			shellScript = "diff \"${PODS_PODFILE_DIR_PATH}/Podfile.lock\" \"${PODS_ROOT}/Manifest.lock\" > /dev/null\nif [ $? != 0 ] ; then\n    # print error to STDERR\n    echo \"error: The sandbox is not in sync with the Podfile.lock. Run 'pod install' or update your CocoaPods installation.\" >&2\n    exit 1\nfi\n# This output is used by Xcode 'outputs' to avoid re-running this script phase.\necho \"SUCCESS\" > \"${SCRIPT_OUTPUT_FILE_0}\"\n";
			showEnvVarsInLog = 0;
		};
/* End PBXShellScriptBuildPhase section */

/* Begin PBXSourcesBuildPhase section */
		4D45EFB01A9DFABA00C40BB4 /* Sources */ = {
			isa = PBXSourcesBuildPhase;
			buildActionMask = 2147483647;
			files = (
				4D45F0241A9E487A00C40BB4 /* Model.swift in Sources */,
				00EEA71D25CAC5050017F6A4 /* AboutViewModel.swift in Sources */,
				00F17DDB26A9DD4000452020 /* DefinitionsCard.swift in Sources */,
				00EEA70E25CABFE50017F6A4 /* FilterRow.swift in Sources */,
				4D45F01C1A9E03BE00C40BB4 /* RootViewController.swift in Sources */,
				005BCB3226AAC69700DF44CE /* UserGuideCard.swift in Sources */,
				4D3596411CFEEA50008D2FAF /* Ads.swift in Sources */,
				4D9E43AD1FAC84FC007007C8 /* Filter.swift in Sources */,
				00EEA70325CABF7D0017F6A4 /* HelpViewModel.swift in Sources */,
				00EEA71725CAC02D0017F6A4 /* AutomatedTestRow.swift in Sources */,
				005BCB3726AACED400DF44CE /* AutoTestCard.swift in Sources */,
				00F17DD726A9CC3500452020 /* SettingsCard.swift in Sources */,
				4DF8C23E1AA08AF500642E75 /* MatchesViewController.swift in Sources */,
				0091BC052535E5A000BE7A43 /* AutoTest.swift in Sources */,
				005BCB3926AAD23900DF44CE /* UpgradeCard.swift in Sources */,
				00EEA71225CABFE50017F6A4 /* AboutRow.swift in Sources */,
				00EEA71A25CAC2A40017F6A4 /* Coordinator.swift in Sources */,
				00EEA71025CABFE50017F6A4 /* FeedbackRow.swift in Sources */,
				0029A03525307170002E96D1 /* Strings.swift in Sources */,
				4D2B35C31D33AAE30014ABF3 /* IAPFactory.swift in Sources */,
				00F17DD926A9D00700452020 /* SettingsHelpView.swift in Sources */,
				00EEA71425CABFE50017F6A4 /* TellFriendRow.swift in Sources */,
				00F17DD426A9ABD000452020 /* RootView.swift in Sources */,
				4D45D7B31E2CF0C500EC2D27 /* Settings.swift in Sources */,
				4DA0C3F7236B0FC800AF693B /* Matches.swift in Sources */,
				004AA91C26CD306D00A63C47 /* SettingsView.swift in Sources */,
				00EEA6FA25CABCA60017F6A4 /* TipsView.swift in Sources */,
				00EEA72F25CACB430017F6A4 /* AboutView.swift in Sources */,
				006D010226A1936600DA083D /* TipCard.swift in Sources */,
				4D9E43B11FAC86EC007007C8 /* FilterFactory.swift in Sources */,
				00EEA70F25CABFE50017F6A4 /* DefinitionRow.swift in Sources */,
				00EEA71325CABFE50017F6A4 /* RateRow.swift in Sources */,
				0051B66225CC194300AB8B9D /* UserGuideRow.swift in Sources */,
				00EEA72525CAC81A0017F6A4 /* HelpView.swift in Sources */,
				00EEA72825CAC85A0017F6A4 /* DefinitionHelpView.swift in Sources */,
				00F17DDF26AAB8EB00452020 /* AboutCard.swift in Sources */,
				00EEA71125CABFE50017F6A4 /* SettingsRow.swift in Sources */,
				4DF2DE3A1FACBDBB00F44ADE /* FilterViewController.swift in Sources */,
				004AA91F26CE565F00A63C47 /* SettingsViewModel.swift in Sources */,
				4D9E43AA1FAC84C6007007C8 /* WordListCallbackAbstractFactory.swift in Sources */,
				00EEA70D25CABFE50017F6A4 /* TipRow.swift in Sources */,
				004AA92126CEB1CB00A63C47 /* SettingsPicker.swift in Sources */,
				005BCB3526AACA2400DF44CE /* HelpOutCard.swift in Sources */,
				4DA0C3FA236C761600AF693B /* AppState.swift in Sources */,
				4DF2DE401FB0A82300F44ADE /* ListViewController.swift in Sources */,
				00EEA72425CAC81A0017F6A4 /* FilterHelpView.swift in Sources */,
				00EEA6FD25CABDB10017F6A4 /* TipsData.swift in Sources */,
				00EEA72C25CAC8B50017F6A4 /* ActivityViewController.swift in Sources */,
				4DF2DE3D1FACC4B300F44ADE /* LettersFilterTableViewCell.swift in Sources */,
				4D9D30EB1D156D5D0088392C /* IAPHelper.swift in Sources */,
				00EEA72025CAC59D0017F6A4 /* MailView.swift in Sources */,
				4D45EFBA1A9DFABA00C40BB4 /* AppDelegate.swift in Sources */,
				006D010526A1B89000DA083D /* CardTips.swift in Sources */,
				00F17DDD26A9E17300452020 /* FilterCard.swift in Sources */,
			);
			runOnlyForDeploymentPostprocessing = 0;
		};
		4D45EFC51A9DFABA00C40BB4 /* Sources */ = {
			isa = PBXSourcesBuildPhase;
			buildActionMask = 2147483647;
			files = (
				4D45EFD01A9DFABA00C40BB4 /* AnagramSolverTests.swift in Sources */,
			);
			runOnlyForDeploymentPostprocessing = 0;
		};
/* End PBXSourcesBuildPhase section */

/* Begin PBXTargetDependency section */
		4D0543881CFDBE060084538A /* PBXTargetDependency */ = {
			isa = PBXTargetDependency;
			name = SwiftUtils;
			targetProxy = 4D0543871CFDBE060084538A /* PBXContainerItemProxy */;
		};
		4D45EFCB1A9DFABA00C40BB4 /* PBXTargetDependency */ = {
			isa = PBXTargetDependency;
			target = 4D45EFB31A9DFABA00C40BB4 /* AnagramSolver */;
			targetProxy = 4D45EFCA1A9DFABA00C40BB4 /* PBXContainerItemProxy */;
		};
/* End PBXTargetDependency section */

/* Begin PBXVariantGroup section */
		4D45EFBD1A9DFABA00C40BB4 /* Main.storyboard */ = {
			isa = PBXVariantGroup;
			children = (
				4D45EFBE1A9DFABA00C40BB4 /* Base */,
			);
			name = Main.storyboard;
			sourceTree = "<group>";
		};
		4D45EFC21A9DFABA00C40BB4 /* LaunchScreen.xib */ = {
			isa = PBXVariantGroup;
			children = (
				4D45EFC31A9DFABA00C40BB4 /* Base */,
			);
			name = LaunchScreen.xib;
			sourceTree = "<group>";
		};
/* End PBXVariantGroup section */

/* Begin XCBuildConfiguration section */
		4D45EFD11A9DFABA00C40BB4 /* Debug */ = {
			isa = XCBuildConfiguration;
			buildSettings = {
				ALWAYS_SEARCH_USER_PATHS = NO;
				CLANG_ANALYZER_LOCALIZABILITY_NONLOCALIZED = YES;
				CLANG_CXX_LANGUAGE_STANDARD = "gnu++0x";
				CLANG_CXX_LIBRARY = "libc++";
				CLANG_ENABLE_MODULES = YES;
				CLANG_ENABLE_OBJC_ARC = YES;
				CLANG_WARN_BLOCK_CAPTURE_AUTORELEASING = YES;
				CLANG_WARN_BOOL_CONVERSION = YES;
				CLANG_WARN_COMMA = YES;
				CLANG_WARN_CONSTANT_CONVERSION = YES;
				CLANG_WARN_DEPRECATED_OBJC_IMPLEMENTATIONS = YES;
				CLANG_WARN_DIRECT_OBJC_ISA_USAGE = YES_ERROR;
				CLANG_WARN_EMPTY_BODY = YES;
				CLANG_WARN_ENUM_CONVERSION = YES;
				CLANG_WARN_INFINITE_RECURSION = YES;
				CLANG_WARN_INT_CONVERSION = YES;
				CLANG_WARN_NON_LITERAL_NULL_CONVERSION = YES;
				CLANG_WARN_OBJC_IMPLICIT_RETAIN_SELF = YES;
				CLANG_WARN_OBJC_LITERAL_CONVERSION = YES;
				CLANG_WARN_OBJC_ROOT_CLASS = YES_ERROR;
				CLANG_WARN_QUOTED_INCLUDE_IN_FRAMEWORK_HEADER = YES;
				CLANG_WARN_RANGE_LOOP_ANALYSIS = YES;
				CLANG_WARN_STRICT_PROTOTYPES = YES;
				CLANG_WARN_SUSPICIOUS_MOVE = YES;
				CLANG_WARN_UNREACHABLE_CODE = YES;
				CLANG_WARN__DUPLICATE_METHOD_MATCH = YES;
				"CODE_SIGN_IDENTITY[sdk=iphoneos*]" = "iPhone Developer";
				COPY_PHASE_STRIP = NO;
				ENABLE_STRICT_OBJC_MSGSEND = YES;
				ENABLE_TESTABILITY = YES;
				GCC_C_LANGUAGE_STANDARD = gnu99;
				GCC_DYNAMIC_NO_PIC = NO;
				GCC_NO_COMMON_BLOCKS = YES;
				GCC_OPTIMIZATION_LEVEL = 0;
				GCC_PREPROCESSOR_DEFINITIONS = (
					"DEBUG=1",
					"$(inherited)",
				);
				GCC_SYMBOLS_PRIVATE_EXTERN = NO;
				GCC_WARN_64_TO_32_BIT_CONVERSION = YES;
				GCC_WARN_ABOUT_RETURN_TYPE = YES_ERROR;
				GCC_WARN_UNDECLARED_SELECTOR = YES;
				GCC_WARN_UNINITIALIZED_AUTOS = YES_AGGRESSIVE;
				GCC_WARN_UNUSED_FUNCTION = YES;
				GCC_WARN_UNUSED_VARIABLE = YES;
				IPHONEOS_DEPLOYMENT_TARGET = 13.0;
				MTL_ENABLE_DEBUG_INFO = YES;
				ONLY_ACTIVE_ARCH = YES;
				PROVISIONING_PROFILE = "";
				SDKROOT = iphoneos;
				SWIFT_OPTIMIZATION_LEVEL = "-Onone";
				SWIFT_VERSION = 5.0;
				TARGETED_DEVICE_FAMILY = "1,2";
			};
			name = Debug;
		};
		4D45EFD21A9DFABA00C40BB4 /* Release */ = {
			isa = XCBuildConfiguration;
			buildSettings = {
				ALWAYS_SEARCH_USER_PATHS = NO;
				CLANG_ANALYZER_LOCALIZABILITY_NONLOCALIZED = YES;
				CLANG_CXX_LANGUAGE_STANDARD = "gnu++0x";
				CLANG_CXX_LIBRARY = "libc++";
				CLANG_ENABLE_MODULES = YES;
				CLANG_ENABLE_OBJC_ARC = YES;
				CLANG_WARN_BLOCK_CAPTURE_AUTORELEASING = YES;
				CLANG_WARN_BOOL_CONVERSION = YES;
				CLANG_WARN_COMMA = YES;
				CLANG_WARN_CONSTANT_CONVERSION = YES;
				CLANG_WARN_DEPRECATED_OBJC_IMPLEMENTATIONS = YES;
				CLANG_WARN_DIRECT_OBJC_ISA_USAGE = YES_ERROR;
				CLANG_WARN_EMPTY_BODY = YES;
				CLANG_WARN_ENUM_CONVERSION = YES;
				CLANG_WARN_INFINITE_RECURSION = YES;
				CLANG_WARN_INT_CONVERSION = YES;
				CLANG_WARN_NON_LITERAL_NULL_CONVERSION = YES;
				CLANG_WARN_OBJC_IMPLICIT_RETAIN_SELF = YES;
				CLANG_WARN_OBJC_LITERAL_CONVERSION = YES;
				CLANG_WARN_OBJC_ROOT_CLASS = YES_ERROR;
				CLANG_WARN_QUOTED_INCLUDE_IN_FRAMEWORK_HEADER = YES;
				CLANG_WARN_RANGE_LOOP_ANALYSIS = YES;
				CLANG_WARN_STRICT_PROTOTYPES = YES;
				CLANG_WARN_SUSPICIOUS_MOVE = YES;
				CLANG_WARN_UNREACHABLE_CODE = YES;
				CLANG_WARN__DUPLICATE_METHOD_MATCH = YES;
				"CODE_SIGN_IDENTITY[sdk=iphoneos*]" = "iPhone Developer";
				COPY_PHASE_STRIP = YES;
				ENABLE_NS_ASSERTIONS = NO;
				ENABLE_STRICT_OBJC_MSGSEND = YES;
				GCC_C_LANGUAGE_STANDARD = gnu99;
				GCC_NO_COMMON_BLOCKS = YES;
				GCC_WARN_64_TO_32_BIT_CONVERSION = YES;
				GCC_WARN_ABOUT_RETURN_TYPE = YES_ERROR;
				GCC_WARN_UNDECLARED_SELECTOR = YES;
				GCC_WARN_UNINITIALIZED_AUTOS = YES_AGGRESSIVE;
				GCC_WARN_UNUSED_FUNCTION = YES;
				GCC_WARN_UNUSED_VARIABLE = YES;
				IPHONEOS_DEPLOYMENT_TARGET = 13.0;
				MTL_ENABLE_DEBUG_INFO = NO;
				PROVISIONING_PROFILE = "";
				SDKROOT = iphoneos;
				SWIFT_COMPILATION_MODE = wholemodule;
				SWIFT_OPTIMIZATION_LEVEL = "-O";
				SWIFT_VERSION = 5.0;
				TARGETED_DEVICE_FAMILY = "1,2";
				VALIDATE_PRODUCT = YES;
			};
			name = Release;
		};
		4D45EFD41A9DFABA00C40BB4 /* Debug */ = {
			isa = XCBuildConfiguration;
			baseConfigurationReference = EB50C070B1073CE365C9392E /* Pods-AnagramSolver.debug.xcconfig */;
			buildSettings = {
				ALWAYS_EMBED_SWIFT_STANDARD_LIBRARIES = YES;
				ASSETCATALOG_COMPILER_APPICON_NAME = AppIcon;
				CLANG_ENABLE_MODULES = YES;
				CODE_SIGN_IDENTITY = "iPhone Distribution";
				"CODE_SIGN_IDENTITY[sdk=iphoneos*]" = "iPhone Developer";
				CODE_SIGN_STYLE = Automatic;
				CURRENT_PROJECT_VERSION = 1.11.03;
				DEVELOPMENT_TEAM = ZYM8DA54T6;
				FRAMEWORK_SEARCH_PATHS = "$(inherited)";
				INFOPLIST_FILE = AnagramSolver/Info.plist;
				IPHONEOS_DEPLOYMENT_TARGET = 13.4;
				LD_RUNPATH_SEARCH_PATHS = (
					"$(inherited)",
					"@executable_path/Frameworks",
				);
				MARKETING_VERSION = 1.11.03;
				PRODUCT_BUNDLE_IDENTIFIER = "com.pigdogbay.$(PRODUCT_NAME:rfc1034identifier)";
				PRODUCT_NAME = "$(TARGET_NAME)";
				PROVISIONING_PROFILE = "";
				PROVISIONING_PROFILE_SPECIFIER = "";
				SWIFT_ACTIVE_COMPILATION_CONDITIONS = DEBUG;
				SWIFT_OPTIMIZATION_LEVEL = "-Onone";
				SWIFT_SWIFT3_OBJC_INFERENCE = Off;
				SWIFT_VERSION = 5.0;
			};
			name = Debug;
		};
		4D45EFD51A9DFABA00C40BB4 /* Release */ = {
			isa = XCBuildConfiguration;
			baseConfigurationReference = 9F767D7B066CC063F11B0CB8 /* Pods-AnagramSolver.release.xcconfig */;
			buildSettings = {
				ALWAYS_EMBED_SWIFT_STANDARD_LIBRARIES = YES;
				ASSETCATALOG_COMPILER_APPICON_NAME = AppIcon;
				CLANG_ENABLE_MODULES = YES;
				CODE_SIGN_IDENTITY = "iPhone Distribution";
				"CODE_SIGN_IDENTITY[sdk=iphoneos*]" = "iPhone Developer";
				CODE_SIGN_STYLE = Automatic;
				CURRENT_PROJECT_VERSION = 1.11.03;
				DEVELOPMENT_TEAM = ZYM8DA54T6;
				FRAMEWORK_SEARCH_PATHS = "$(inherited)";
				INFOPLIST_FILE = AnagramSolver/Info.plist;
				IPHONEOS_DEPLOYMENT_TARGET = 13.4;
				LD_RUNPATH_SEARCH_PATHS = (
					"$(inherited)",
					"@executable_path/Frameworks",
				);
				MARKETING_VERSION = 1.11.03;
				PRODUCT_BUNDLE_IDENTIFIER = "com.pigdogbay.$(PRODUCT_NAME:rfc1034identifier)";
				PRODUCT_NAME = "$(TARGET_NAME)";
				PROVISIONING_PROFILE = "";
				PROVISIONING_PROFILE_SPECIFIER = "";
				SWIFT_SWIFT3_OBJC_INFERENCE = Off;
				SWIFT_VERSION = 5.0;
			};
			name = Release;
		};
		4D45EFD71A9DFABA00C40BB4 /* Debug */ = {
			isa = XCBuildConfiguration;
			baseConfigurationReference = C818D066BAB2E9CF4F60E3A1 /* Pods-AnagramSolverTests.debug.xcconfig */;
			buildSettings = {
				BUNDLE_LOADER = "$(TEST_HOST)";
				DEVELOPMENT_TEAM = ZYM8DA54T6;
				FRAMEWORK_SEARCH_PATHS = "$(inherited)";
				GCC_PREPROCESSOR_DEFINITIONS = (
					"DEBUG=1",
					"$(inherited)",
				);
				INFOPLIST_FILE = AnagramSolverTests/Info.plist;
				LD_RUNPATH_SEARCH_PATHS = (
					"$(inherited)",
					"@executable_path/Frameworks",
					"@loader_path/Frameworks",
				);
				PRODUCT_BUNDLE_IDENTIFIER = "com.pigdogbay.$(PRODUCT_NAME:rfc1034identifier)";
				PRODUCT_NAME = "$(TARGET_NAME)";
				SWIFT_VERSION = 5.0;
				TEST_HOST = "$(BUILT_PRODUCTS_DIR)/AnagramSolver.app/AnagramSolver";
			};
			name = Debug;
		};
		4D45EFD81A9DFABA00C40BB4 /* Release */ = {
			isa = XCBuildConfiguration;
			baseConfigurationReference = F26459812A8DD854C17A8DEA /* Pods-AnagramSolverTests.release.xcconfig */;
			buildSettings = {
				BUNDLE_LOADER = "$(TEST_HOST)";
				DEVELOPMENT_TEAM = ZYM8DA54T6;
				FRAMEWORK_SEARCH_PATHS = "$(inherited)";
				INFOPLIST_FILE = AnagramSolverTests/Info.plist;
				LD_RUNPATH_SEARCH_PATHS = (
					"$(inherited)",
					"@executable_path/Frameworks",
					"@loader_path/Frameworks",
				);
				PRODUCT_BUNDLE_IDENTIFIER = "com.pigdogbay.$(PRODUCT_NAME:rfc1034identifier)";
				PRODUCT_NAME = "$(TARGET_NAME)";
				SWIFT_VERSION = 5.0;
				TEST_HOST = "$(BUILT_PRODUCTS_DIR)/AnagramSolver.app/AnagramSolver";
			};
			name = Release;
		};
/* End XCBuildConfiguration section */

/* Begin XCConfigurationList section */
		4D45EFAF1A9DFABA00C40BB4 /* Build configuration list for PBXProject "AnagramSolver" */ = {
			isa = XCConfigurationList;
			buildConfigurations = (
				4D45EFD11A9DFABA00C40BB4 /* Debug */,
				4D45EFD21A9DFABA00C40BB4 /* Release */,
			);
			defaultConfigurationIsVisible = 0;
			defaultConfigurationName = Release;
		};
		4D45EFD31A9DFABA00C40BB4 /* Build configuration list for PBXNativeTarget "AnagramSolver" */ = {
			isa = XCConfigurationList;
			buildConfigurations = (
				4D45EFD41A9DFABA00C40BB4 /* Debug */,
				4D45EFD51A9DFABA00C40BB4 /* Release */,
			);
			defaultConfigurationIsVisible = 0;
			defaultConfigurationName = Release;
		};
		4D45EFD61A9DFABA00C40BB4 /* Build configuration list for PBXNativeTarget "AnagramSolverTests" */ = {
			isa = XCConfigurationList;
			buildConfigurations = (
				4D45EFD71A9DFABA00C40BB4 /* Debug */,
				4D45EFD81A9DFABA00C40BB4 /* Release */,
			);
			defaultConfigurationIsVisible = 0;
			defaultConfigurationName = Release;
		};
/* End XCConfigurationList section */
	};
	rootObject = 4D45EFAC1A9DFABA00C40BB4 /* Project object */;
}
