// !$*UTF8*$!
{
	archiveVersion = 1;
	classes = {
	};
	objectVersion = 46;
	objects = {

/* Begin PBXBuildFile section */
		345530AFB616B753D44CBC8A /* Pods_AnagramSolver.framework in Frameworks */ = {isa = PBXBuildFile; fileRef = F2B1163F388B1F29DAE1B77C /* Pods_AnagramSolver.framework */; };
		4D0543851CFDBE060084538A /* SwiftUtils.framework in Frameworks */ = {isa = PBXBuildFile; fileRef = 4D0543811CFDBC530084538A /* SwiftUtils.framework */; };
		4D0543861CFDBE060084538A /* SwiftUtils.framework in Embed Frameworks */ = {isa = PBXBuildFile; fileRef = 4D0543811CFDBC530084538A /* SwiftUtils.framework */; settings = {ATTRIBUTES = (CodeSignOnCopy, RemoveHeadersOnCopy, ); }; };
		4D3367D01AA64A8D00EA824A /* PageContentController.swift in Sources */ = {isa = PBXBuildFile; fileRef = 4D3367CF1AA64A8D00EA824A /* PageContentController.swift */; };
		4D3367D21AA64CFA00EA824A /* HelpOutViewController.swift in Sources */ = {isa = PBXBuildFile; fileRef = 4D3367D11AA64CFA00EA824A /* HelpOutViewController.swift */; };
		4D33DF001CFDB86B00678B53 /* GoogleService-Info.plist in Resources */ = {isa = PBXBuildFile; fileRef = 4D33DEFF1CFDB86B00678B53 /* GoogleService-Info.plist */; };
		4D33DF011CFDB86B00678B53 /* GoogleService-Info.plist in Resources */ = {isa = PBXBuildFile; fileRef = 4D33DEFF1CFDB86B00678B53 /* GoogleService-Info.plist */; };
		4D45EFBA1A9DFABA00C40BB4 /* AppDelegate.swift in Sources */ = {isa = PBXBuildFile; fileRef = 4D45EFB91A9DFABA00C40BB4 /* AppDelegate.swift */; };
		4D45EFBF1A9DFABA00C40BB4 /* Main.storyboard in Resources */ = {isa = PBXBuildFile; fileRef = 4D45EFBD1A9DFABA00C40BB4 /* Main.storyboard */; };
		4D45EFC11A9DFABA00C40BB4 /* Images.xcassets in Resources */ = {isa = PBXBuildFile; fileRef = 4D45EFC01A9DFABA00C40BB4 /* Images.xcassets */; };
		4D45EFC41A9DFABA00C40BB4 /* LaunchScreen.xib in Resources */ = {isa = PBXBuildFile; fileRef = 4D45EFC21A9DFABA00C40BB4 /* LaunchScreen.xib */; };
		4D45EFD01A9DFABA00C40BB4 /* AnagramSolverTests.swift in Sources */ = {isa = PBXBuildFile; fileRef = 4D45EFCF1A9DFABA00C40BB4 /* AnagramSolverTests.swift */; };
		4D45F0161A9E03A400C40BB4 /* DefinitionViewController.swift in Sources */ = {isa = PBXBuildFile; fileRef = 4D45F0151A9E03A400C40BB4 /* DefinitionViewController.swift */; };
		4D45F01C1A9E03BE00C40BB4 /* RootViewController.swift in Sources */ = {isa = PBXBuildFile; fileRef = 4D45F0181A9E03BE00C40BB4 /* RootViewController.swift */; };
		4D45F01D1A9E03BE00C40BB4 /* TipsPageViewController.swift in Sources */ = {isa = PBXBuildFile; fileRef = 4D45F0191A9E03BE00C40BB4 /* TipsPageViewController.swift */; };
		4D45F01E1A9E03BE00C40BB4 /* TipViewController.swift in Sources */ = {isa = PBXBuildFile; fileRef = 4D45F01A1A9E03BE00C40BB4 /* TipViewController.swift */; };
		4D45F0201A9E460300C40BB4 /* standard.txt in Resources */ = {isa = PBXBuildFile; fileRef = 4D45F01F1A9E460300C40BB4 /* standard.txt */; };
		4D45F0241A9E487A00C40BB4 /* Model.swift in Sources */ = {isa = PBXBuildFile; fileRef = 4D45F0231A9E487A00C40BB4 /* Model.swift */; };
		4DA729DD1C565E5000C7B85D /* pro.txt in Resources */ = {isa = PBXBuildFile; fileRef = 4DA729DC1C565E5000C7B85D /* pro.txt */; };
		4DBAF0A11AA75BEA00400AA4 /* iRate.m in Sources */ = {isa = PBXBuildFile; fileRef = 4DBAF0A01AA75BEA00400AA4 /* iRate.m */; };
		4DF8C23E1AA08AF500642E75 /* MatchesViewController.swift in Sources */ = {isa = PBXBuildFile; fileRef = 4DF8C23D1AA08AF500642E75 /* MatchesViewController.swift */; };
		E8B5F6758746C4EA02BC05A9 /* Pods_AnagramSolverTests.framework in Frameworks */ = {isa = PBXBuildFile; fileRef = 891A847B857B88BB9F0B311E /* Pods_AnagramSolverTests.framework */; };
/* End PBXBuildFile section */

/* Begin PBXContainerItemProxy section */
		4D0543801CFDBC530084538A /* PBXContainerItemProxy */ = {
			isa = PBXContainerItemProxy;
			containerPortal = 4D05437B1CFDBC530084538A /* SwiftUtils.xcodeproj */;
			proxyType = 2;
			remoteGlobalIDString = 4D45EFE31A9DFB3700C40BB4;
			remoteInfo = SwiftUtils;
		};
		4D0543821CFDBC530084538A /* PBXContainerItemProxy */ = {
			isa = PBXContainerItemProxy;
			containerPortal = 4D05437B1CFDBC530084538A /* SwiftUtils.xcodeproj */;
			proxyType = 2;
			remoteGlobalIDString = 4D45EFEE1A9DFB3700C40BB4;
			remoteInfo = SwiftUtilsTests;
		};
		4D0543871CFDBE060084538A /* PBXContainerItemProxy */ = {
			isa = PBXContainerItemProxy;
			containerPortal = 4D05437B1CFDBC530084538A /* SwiftUtils.xcodeproj */;
			proxyType = 1;
			remoteGlobalIDString = 4D45EFE21A9DFB3700C40BB4;
			remoteInfo = SwiftUtils;
		};
		4D45EFCA1A9DFABA00C40BB4 /* PBXContainerItemProxy */ = {
			isa = PBXContainerItemProxy;
			containerPortal = 4D45EFAC1A9DFABA00C40BB4 /* Project object */;
			proxyType = 1;
			remoteGlobalIDString = 4D45EFB31A9DFABA00C40BB4;
			remoteInfo = AnagramSolver;
		};
/* End PBXContainerItemProxy section */

/* Begin PBXCopyFilesBuildPhase section */
		4D0543891CFDBE060084538A /* Embed Frameworks */ = {
			isa = PBXCopyFilesBuildPhase;
			buildActionMask = 2147483647;
			dstPath = "";
			dstSubfolderSpec = 10;
			files = (
				4D0543861CFDBE060084538A /* SwiftUtils.framework in Embed Frameworks */,
			);
			name = "Embed Frameworks";
			runOnlyForDeploymentPostprocessing = 0;
		};
/* End PBXCopyFilesBuildPhase section */

/* Begin PBXFileReference section */
		4D05437B1CFDBC530084538A /* SwiftUtils.xcodeproj */ = {isa = PBXFileReference; lastKnownFileType = "wrapper.pb-project"; name = SwiftUtils.xcodeproj; path = ../SwiftUtils/SwiftUtils.xcodeproj; sourceTree = "<group>"; };
		4D3367CF1AA64A8D00EA824A /* PageContentController.swift */ = {isa = PBXFileReference; fileEncoding = 4; lastKnownFileType = sourcecode.swift; path = PageContentController.swift; sourceTree = "<group>"; };
		4D3367D11AA64CFA00EA824A /* HelpOutViewController.swift */ = {isa = PBXFileReference; fileEncoding = 4; lastKnownFileType = sourcecode.swift; path = HelpOutViewController.swift; sourceTree = "<group>"; };
		4D33DEFF1CFDB86B00678B53 /* GoogleService-Info.plist */ = {isa = PBXFileReference; fileEncoding = 4; lastKnownFileType = text.plist.xml; path = "GoogleService-Info.plist"; sourceTree = "<group>"; };
		4D45EFB41A9DFABA00C40BB4 /* AnagramSolver.app */ = {isa = PBXFileReference; explicitFileType = wrapper.application; includeInIndex = 0; path = AnagramSolver.app; sourceTree = BUILT_PRODUCTS_DIR; };
		4D45EFB81A9DFABA00C40BB4 /* Info.plist */ = {isa = PBXFileReference; lastKnownFileType = text.plist.xml; path = Info.plist; sourceTree = "<group>"; };
		4D45EFB91A9DFABA00C40BB4 /* AppDelegate.swift */ = {isa = PBXFileReference; lastKnownFileType = sourcecode.swift; path = AppDelegate.swift; sourceTree = "<group>"; };
		4D45EFBE1A9DFABA00C40BB4 /* Base */ = {isa = PBXFileReference; lastKnownFileType = file.storyboard; name = Base; path = Base.lproj/Main.storyboard; sourceTree = "<group>"; };
		4D45EFC01A9DFABA00C40BB4 /* Images.xcassets */ = {isa = PBXFileReference; lastKnownFileType = folder.assetcatalog; path = Images.xcassets; sourceTree = "<group>"; };
		4D45EFC31A9DFABA00C40BB4 /* Base */ = {isa = PBXFileReference; lastKnownFileType = file.xib; name = Base; path = Base.lproj/LaunchScreen.xib; sourceTree = "<group>"; };
		4D45EFC91A9DFABA00C40BB4 /* AnagramSolverTests.xctest */ = {isa = PBXFileReference; explicitFileType = wrapper.cfbundle; includeInIndex = 0; path = AnagramSolverTests.xctest; sourceTree = BUILT_PRODUCTS_DIR; };
		4D45EFCE1A9DFABA00C40BB4 /* Info.plist */ = {isa = PBXFileReference; lastKnownFileType = text.plist.xml; path = Info.plist; sourceTree = "<group>"; };
		4D45EFCF1A9DFABA00C40BB4 /* AnagramSolverTests.swift */ = {isa = PBXFileReference; lastKnownFileType = sourcecode.swift; path = AnagramSolverTests.swift; sourceTree = "<group>"; };
		4D45F0151A9E03A400C40BB4 /* DefinitionViewController.swift */ = {isa = PBXFileReference; fileEncoding = 4; lastKnownFileType = sourcecode.swift; path = DefinitionViewController.swift; sourceTree = "<group>"; };
		4D45F0181A9E03BE00C40BB4 /* RootViewController.swift */ = {isa = PBXFileReference; fileEncoding = 4; lastKnownFileType = sourcecode.swift; path = RootViewController.swift; sourceTree = "<group>"; };
		4D45F0191A9E03BE00C40BB4 /* TipsPageViewController.swift */ = {isa = PBXFileReference; fileEncoding = 4; lastKnownFileType = sourcecode.swift; path = TipsPageViewController.swift; sourceTree = "<group>"; };
		4D45F01A1A9E03BE00C40BB4 /* TipViewController.swift */ = {isa = PBXFileReference; fileEncoding = 4; lastKnownFileType = sourcecode.swift; path = TipViewController.swift; sourceTree = "<group>"; };
		4D45F01F1A9E460300C40BB4 /* standard.txt */ = {isa = PBXFileReference; fileEncoding = 4; lastKnownFileType = text; path = standard.txt; sourceTree = "<group>"; };
		4D45F0231A9E487A00C40BB4 /* Model.swift */ = {isa = PBXFileReference; fileEncoding = 4; lastKnownFileType = sourcecode.swift; path = Model.swift; sourceTree = "<group>"; };
		4D4F370C1A9FBA8D00F3E2D3 /* SwiftUtils.framework */ = {isa = PBXFileReference; lastKnownFileType = wrapper.framework; name = SwiftUtils.framework; path = "../../../../Library/Developer/Xcode/DerivedData/SwiftApps-ccgtjtkyvrlkquhiegcysvtkucvq/Build/Products/Release-iphoneos/SwiftUtils.framework"; sourceTree = "<group>"; };
		4DA729DC1C565E5000C7B85D /* pro.txt */ = {isa = PBXFileReference; fileEncoding = 4; lastKnownFileType = text; path = pro.txt; sourceTree = "<group>"; };
		4DBAF09E1AA75BD900400AA4 /* iRate.h */ = {isa = PBXFileReference; lastKnownFileType = sourcecode.c.h; path = iRate.h; sourceTree = "<group>"; };
		4DBAF09F1AA75BEA00400AA4 /* AnagramSolver-Bridging-Header.h */ = {isa = PBXFileReference; lastKnownFileType = sourcecode.c.h; path = "AnagramSolver-Bridging-Header.h"; sourceTree = "<group>"; };
		4DBAF0A01AA75BEA00400AA4 /* iRate.m */ = {isa = PBXFileReference; fileEncoding = 4; lastKnownFileType = sourcecode.c.objc; path = iRate.m; sourceTree = "<group>"; };
		4DF8C23D1AA08AF500642E75 /* MatchesViewController.swift */ = {isa = PBXFileReference; fileEncoding = 4; lastKnownFileType = sourcecode.swift; path = MatchesViewController.swift; sourceTree = "<group>"; };
		891A847B857B88BB9F0B311E /* Pods_AnagramSolverTests.framework */ = {isa = PBXFileReference; explicitFileType = wrapper.framework; includeInIndex = 0; path = Pods_AnagramSolverTests.framework; sourceTree = BUILT_PRODUCTS_DIR; };
		9F767D7B066CC063F11B0CB8 /* Pods-AnagramSolver.release.xcconfig */ = {isa = PBXFileReference; includeInIndex = 1; lastKnownFileType = text.xcconfig; name = "Pods-AnagramSolver.release.xcconfig"; path = "Pods/Target Support Files/Pods-AnagramSolver/Pods-AnagramSolver.release.xcconfig"; sourceTree = "<group>"; };
		C818D066BAB2E9CF4F60E3A1 /* Pods-AnagramSolverTests.debug.xcconfig */ = {isa = PBXFileReference; includeInIndex = 1; lastKnownFileType = text.xcconfig; name = "Pods-AnagramSolverTests.debug.xcconfig"; path = "Pods/Target Support Files/Pods-AnagramSolverTests/Pods-AnagramSolverTests.debug.xcconfig"; sourceTree = "<group>"; };
		EB50C070B1073CE365C9392E /* Pods-AnagramSolver.debug.xcconfig */ = {isa = PBXFileReference; includeInIndex = 1; lastKnownFileType = text.xcconfig; name = "Pods-AnagramSolver.debug.xcconfig"; path = "Pods/Target Support Files/Pods-AnagramSolver/Pods-AnagramSolver.debug.xcconfig"; sourceTree = "<group>"; };
		F26459812A8DD854C17A8DEA /* Pods-AnagramSolverTests.release.xcconfig */ = {isa = PBXFileReference; includeInIndex = 1; lastKnownFileType = text.xcconfig; name = "Pods-AnagramSolverTests.release.xcconfig"; path = "Pods/Target Support Files/Pods-AnagramSolverTests/Pods-AnagramSolverTests.release.xcconfig"; sourceTree = "<group>"; };
		F2B1163F388B1F29DAE1B77C /* Pods_AnagramSolver.framework */ = {isa = PBXFileReference; explicitFileType = wrapper.framework; includeInIndex = 0; path = Pods_AnagramSolver.framework; sourceTree = BUILT_PRODUCTS_DIR; };
/* End PBXFileReference section */

/* Begin PBXFrameworksBuildPhase section */
		4D45EFB11A9DFABA00C40BB4 /* Frameworks */ = {
			isa = PBXFrameworksBuildPhase;
			buildActionMask = 2147483647;
			files = (
				4D0543851CFDBE060084538A /* SwiftUtils.framework in Frameworks */,
				345530AFB616B753D44CBC8A /* Pods_AnagramSolver.framework in Frameworks */,
			);
			runOnlyForDeploymentPostprocessing = 0;
		};
		4D45EFC61A9DFABA00C40BB4 /* Frameworks */ = {
			isa = PBXFrameworksBuildPhase;
			buildActionMask = 2147483647;
			files = (
				E8B5F6758746C4EA02BC05A9 /* Pods_AnagramSolverTests.framework in Frameworks */,
			);
			runOnlyForDeploymentPostprocessing = 0;
		};
/* End PBXFrameworksBuildPhase section */

/* Begin PBXGroup section */
		1E9D5EE9EB3E676642812536 /* Frameworks */ = {
			isa = PBXGroup;
			children = (
				4D05437B1CFDBC530084538A /* SwiftUtils.xcodeproj */,
				F2B1163F388B1F29DAE1B77C /* Pods_AnagramSolver.framework */,
				891A847B857B88BB9F0B311E /* Pods_AnagramSolverTests.framework */,
			);
			name = Frameworks;
			sourceTree = "<group>";
		};
		4D05437C1CFDBC530084538A /* Products */ = {
			isa = PBXGroup;
			children = (
				4D0543811CFDBC530084538A /* SwiftUtils.framework */,
				4D0543831CFDBC530084538A /* SwiftUtilsTests.xctest */,
			);
			name = Products;
			sourceTree = "<group>";
		};
		4D45EFAB1A9DFABA00C40BB4 = {
			isa = PBXGroup;
			children = (
				4D4F370C1A9FBA8D00F3E2D3 /* SwiftUtils.framework */,
				4D45EFB61A9DFABA00C40BB4 /* AnagramSolver */,
				4D45EFCC1A9DFABA00C40BB4 /* AnagramSolverTests */,
				4D45EFB51A9DFABA00C40BB4 /* Products */,
				7FB7BD6A460C0022C46DE682 /* Pods */,
				1E9D5EE9EB3E676642812536 /* Frameworks */,
			);
			sourceTree = "<group>";
		};
		4D45EFB51A9DFABA00C40BB4 /* Products */ = {
			isa = PBXGroup;
			children = (
				4D45EFB41A9DFABA00C40BB4 /* AnagramSolver.app */,
				4D45EFC91A9DFABA00C40BB4 /* AnagramSolverTests.xctest */,
			);
			name = Products;
			sourceTree = "<group>";
		};
		4D45EFB61A9DFABA00C40BB4 /* AnagramSolver */ = {
			isa = PBXGroup;
			children = (
				4D45F0231A9E487A00C40BB4 /* Model.swift */,
				4D45EFB91A9DFABA00C40BB4 /* AppDelegate.swift */,
				4D45F0151A9E03A400C40BB4 /* DefinitionViewController.swift */,
				4DF8C23D1AA08AF500642E75 /* MatchesViewController.swift */,
				4D45F0181A9E03BE00C40BB4 /* RootViewController.swift */,
				4D3367CF1AA64A8D00EA824A /* PageContentController.swift */,
				4D45F0191A9E03BE00C40BB4 /* TipsPageViewController.swift */,
				4D45F01A1A9E03BE00C40BB4 /* TipViewController.swift */,
				4D3367D11AA64CFA00EA824A /* HelpOutViewController.swift */,
				4D45EFBD1A9DFABA00C40BB4 /* Main.storyboard */,
				4DA729DC1C565E5000C7B85D /* pro.txt */,
				4D45F01F1A9E460300C40BB4 /* standard.txt */,
				4D45EFC01A9DFABA00C40BB4 /* Images.xcassets */,
				4D45EFC21A9DFABA00C40BB4 /* LaunchScreen.xib */,
				4D45EFB71A9DFABA00C40BB4 /* Supporting Files */,
				4DBAF09E1AA75BD900400AA4 /* iRate.h */,
				4DBAF0A01AA75BEA00400AA4 /* iRate.m */,
				4DBAF09F1AA75BEA00400AA4 /* AnagramSolver-Bridging-Header.h */,
				4D33DEFF1CFDB86B00678B53 /* GoogleService-Info.plist */,
			);
			path = AnagramSolver;
			sourceTree = "<group>";
		};
		4D45EFB71A9DFABA00C40BB4 /* Supporting Files */ = {
			isa = PBXGroup;
			children = (
				4D45EFB81A9DFABA00C40BB4 /* Info.plist */,
			);
			name = "Supporting Files";
			sourceTree = "<group>";
		};
		4D45EFCC1A9DFABA00C40BB4 /* AnagramSolverTests */ = {
			isa = PBXGroup;
			children = (
				4D45EFCF1A9DFABA00C40BB4 /* AnagramSolverTests.swift */,
				4D45EFCD1A9DFABA00C40BB4 /* Supporting Files */,
			);
			path = AnagramSolverTests;
			sourceTree = "<group>";
		};
		4D45EFCD1A9DFABA00C40BB4 /* Supporting Files */ = {
			isa = PBXGroup;
			children = (
				4D45EFCE1A9DFABA00C40BB4 /* Info.plist */,
			);
			name = "Supporting Files";
			sourceTree = "<group>";
		};
		7FB7BD6A460C0022C46DE682 /* Pods */ = {
			isa = PBXGroup;
			children = (
				EB50C070B1073CE365C9392E /* Pods-AnagramSolver.debug.xcconfig */,
				9F767D7B066CC063F11B0CB8 /* Pods-AnagramSolver.release.xcconfig */,
				C818D066BAB2E9CF4F60E3A1 /* Pods-AnagramSolverTests.debug.xcconfig */,
				F26459812A8DD854C17A8DEA /* Pods-AnagramSolverTests.release.xcconfig */,
			);
			name = Pods;
			sourceTree = "<group>";
		};
/* End PBXGroup section */

/* Begin PBXNativeTarget section */
		4D45EFB31A9DFABA00C40BB4 /* AnagramSolver */ = {
			isa = PBXNativeTarget;
			buildConfigurationList = 4D45EFD31A9DFABA00C40BB4 /* Build configuration list for PBXNativeTarget "AnagramSolver" */;
			buildPhases = (
				64B75DAE61084E7DD7508C15 /* 📦 Check Pods Manifest.lock */,
				4D45EFB01A9DFABA00C40BB4 /* Sources */,
				4D45EFB11A9DFABA00C40BB4 /* Frameworks */,
				4D45EFB21A9DFABA00C40BB4 /* Resources */,
				72BE4F180998AADA5422F363 /* 📦 Embed Pods Frameworks */,
				BADA48CF2D1EACB058345DDD /* 📦 Copy Pods Resources */,
				4D0543891CFDBE060084538A /* Embed Frameworks */,
			);
			buildRules = (
			);
			dependencies = (
				4D0543881CFDBE060084538A /* PBXTargetDependency */,
			);
			name = AnagramSolver;
			productName = AnagramSolver;
			productReference = 4D45EFB41A9DFABA00C40BB4 /* AnagramSolver.app */;
			productType = "com.apple.product-type.application";
		};
		4D45EFC81A9DFABA00C40BB4 /* AnagramSolverTests */ = {
			isa = PBXNativeTarget;
			buildConfigurationList = 4D45EFD61A9DFABA00C40BB4 /* Build configuration list for PBXNativeTarget "AnagramSolverTests" */;
			buildPhases = (
				AE6A03C175EDED863D07CFC7 /* 📦 Check Pods Manifest.lock */,
				4D45EFC51A9DFABA00C40BB4 /* Sources */,
				4D45EFC61A9DFABA00C40BB4 /* Frameworks */,
				4D45EFC71A9DFABA00C40BB4 /* Resources */,
				FC1686911378DC0893F3E8E8 /* 📦 Embed Pods Frameworks */,
				2FD67648D996D68F2BEA8C41 /* 📦 Copy Pods Resources */,
			);
			buildRules = (
			);
			dependencies = (
				4D45EFCB1A9DFABA00C40BB4 /* PBXTargetDependency */,
			);
			name = AnagramSolverTests;
			productName = AnagramSolverTests;
			productReference = 4D45EFC91A9DFABA00C40BB4 /* AnagramSolverTests.xctest */;
			productType = "com.apple.product-type.bundle.unit-test";
		};
/* End PBXNativeTarget section */

/* Begin PBXProject section */
		4D45EFAC1A9DFABA00C40BB4 /* Project object */ = {
			isa = PBXProject;
			attributes = {
				LastSwiftMigration = 0700;
				LastSwiftUpdateCheck = 0700;
				LastUpgradeCheck = 0700;
				ORGANIZATIONNAME = "MPD Bailey Technology";
				TargetAttributes = {
					4D45EFB31A9DFABA00C40BB4 = {
						CreatedOnToolsVersion = 6.1.1;
						DevelopmentTeam = ZYM8DA54T6;
					};
					4D45EFC81A9DFABA00C40BB4 = {
						CreatedOnToolsVersion = 6.1.1;
						TestTargetID = 4D45EFB31A9DFABA00C40BB4;
					};
				};
			};
			buildConfigurationList = 4D45EFAF1A9DFABA00C40BB4 /* Build configuration list for PBXProject "AnagramSolver" */;
			compatibilityVersion = "Xcode 3.2";
			developmentRegion = English;
			hasScannedForEncodings = 0;
			knownRegions = (
				en,
				Base,
			);
			mainGroup = 4D45EFAB1A9DFABA00C40BB4;
			productRefGroup = 4D45EFB51A9DFABA00C40BB4 /* Products */;
			projectDirPath = "";
			projectReferences = (
				{
					ProductGroup = 4D05437C1CFDBC530084538A /* Products */;
					ProjectRef = 4D05437B1CFDBC530084538A /* SwiftUtils.xcodeproj */;
				},
			);
			projectRoot = "";
			targets = (
				4D45EFB31A9DFABA00C40BB4 /* AnagramSolver */,
				4D45EFC81A9DFABA00C40BB4 /* AnagramSolverTests */,
			);
		};
/* End PBXProject section */

/* Begin PBXReferenceProxy section */
		4D0543811CFDBC530084538A /* SwiftUtils.framework */ = {
			isa = PBXReferenceProxy;
			fileType = wrapper.framework;
			path = SwiftUtils.framework;
			remoteRef = 4D0543801CFDBC530084538A /* PBXContainerItemProxy */;
			sourceTree = BUILT_PRODUCTS_DIR;
		};
		4D0543831CFDBC530084538A /* SwiftUtilsTests.xctest */ = {
			isa = PBXReferenceProxy;
			fileType = wrapper.cfbundle;
			path = SwiftUtilsTests.xctest;
			remoteRef = 4D0543821CFDBC530084538A /* PBXContainerItemProxy */;
			sourceTree = BUILT_PRODUCTS_DIR;
		};
/* End PBXReferenceProxy section */

/* Begin PBXResourcesBuildPhase section */
		4D45EFB21A9DFABA00C40BB4 /* Resources */ = {
			isa = PBXResourcesBuildPhase;
			buildActionMask = 2147483647;
			files = (
				4DA729DD1C565E5000C7B85D /* pro.txt in Resources */,
				4D45EFBF1A9DFABA00C40BB4 /* Main.storyboard in Resources */,
				4D45EFC41A9DFABA00C40BB4 /* LaunchScreen.xib in Resources */,
				4D45EFC11A9DFABA00C40BB4 /* Images.xcassets in Resources */,
				4D45F0201A9E460300C40BB4 /* standard.txt in Resources */,
				4D33DF001CFDB86B00678B53 /* GoogleService-Info.plist in Resources */,
			);
			runOnlyForDeploymentPostprocessing = 0;
		};
		4D45EFC71A9DFABA00C40BB4 /* Resources */ = {
			isa = PBXResourcesBuildPhase;
			buildActionMask = 2147483647;
			files = (
				4D33DF011CFDB86B00678B53 /* GoogleService-Info.plist in Resources */,
			);
			runOnlyForDeploymentPostprocessing = 0;
		};
/* End PBXResourcesBuildPhase section */

/* Begin PBXShellScriptBuildPhase section */
		2FD67648D996D68F2BEA8C41 /* 📦 Copy Pods Resources */ = {
			isa = PBXShellScriptBuildPhase;
			buildActionMask = 2147483647;
			files = (
			);
			inputPaths = (
			);
			name = "📦 Copy Pods Resources";
			outputPaths = (
			);
			runOnlyForDeploymentPostprocessing = 0;
			shellPath = /bin/sh;
			shellScript = "\"${SRCROOT}/Pods/Target Support Files/Pods-AnagramSolverTests/Pods-AnagramSolverTests-resources.sh\"\n";
			showEnvVarsInLog = 0;
		};
		64B75DAE61084E7DD7508C15 /* 📦 Check Pods Manifest.lock */ = {
			isa = PBXShellScriptBuildPhase;
			buildActionMask = 2147483647;
			files = (
			);
			inputPaths = (
			);
			name = "📦 Check Pods Manifest.lock";
			outputPaths = (
			);
			runOnlyForDeploymentPostprocessing = 0;
			shellPath = /bin/sh;
			shellScript = "diff \"${PODS_ROOT}/../Podfile.lock\" \"${PODS_ROOT}/Manifest.lock\" > /dev/null\nif [[ $? != 0 ]] ; then\n    cat << EOM\nerror: The sandbox is not in sync with the Podfile.lock. Run 'pod install' or update your CocoaPods installation.\nEOM\n    exit 1\nfi\n";
			showEnvVarsInLog = 0;
		};
		72BE4F180998AADA5422F363 /* 📦 Embed Pods Frameworks */ = {
			isa = PBXShellScriptBuildPhase;
			buildActionMask = 2147483647;
			files = (
			);
			inputPaths = (
			);
			name = "📦 Embed Pods Frameworks";
			outputPaths = (
			);
			runOnlyForDeploymentPostprocessing = 0;
			shellPath = /bin/sh;
			shellScript = "\"${SRCROOT}/Pods/Target Support Files/Pods-AnagramSolver/Pods-AnagramSolver-frameworks.sh\"\n";
			showEnvVarsInLog = 0;
		};
		AE6A03C175EDED863D07CFC7 /* 📦 Check Pods Manifest.lock */ = {
			isa = PBXShellScriptBuildPhase;
			buildActionMask = 2147483647;
			files = (
			);
			inputPaths = (
			);
			name = "📦 Check Pods Manifest.lock";
			outputPaths = (
			);
			runOnlyForDeploymentPostprocessing = 0;
			shellPath = /bin/sh;
			shellScript = "diff \"${PODS_ROOT}/../Podfile.lock\" \"${PODS_ROOT}/Manifest.lock\" > /dev/null\nif [[ $? != 0 ]] ; then\n    cat << EOM\nerror: The sandbox is not in sync with the Podfile.lock. Run 'pod install' or update your CocoaPods installation.\nEOM\n    exit 1\nfi\n";
			showEnvVarsInLog = 0;
		};
		BADA48CF2D1EACB058345DDD /* 📦 Copy Pods Resources */ = {
			isa = PBXShellScriptBuildPhase;
			buildActionMask = 2147483647;
			files = (
			);
			inputPaths = (
			);
			name = "📦 Copy Pods Resources";
			outputPaths = (
			);
			runOnlyForDeploymentPostprocessing = 0;
			shellPath = /bin/sh;
			shellScript = "\"${SRCROOT}/Pods/Target Support Files/Pods-AnagramSolver/Pods-AnagramSolver-resources.sh\"\n";
			showEnvVarsInLog = 0;
		};
		FC1686911378DC0893F3E8E8 /* 📦 Embed Pods Frameworks */ = {
			isa = PBXShellScriptBuildPhase;
			buildActionMask = 2147483647;
			files = (
			);
			inputPaths = (
			);
			name = "📦 Embed Pods Frameworks";
			outputPaths = (
			);
			runOnlyForDeploymentPostprocessing = 0;
			shellPath = /bin/sh;
			shellScript = "\"${SRCROOT}/Pods/Target Support Files/Pods-AnagramSolverTests/Pods-AnagramSolverTests-frameworks.sh\"\n";
			showEnvVarsInLog = 0;
		};
/* End PBXShellScriptBuildPhase section */

/* Begin PBXSourcesBuildPhase section */
		4D45EFB01A9DFABA00C40BB4 /* Sources */ = {
			isa = PBXSourcesBuildPhase;
			buildActionMask = 2147483647;
			files = (
				4D45F0241A9E487A00C40BB4 /* Model.swift in Sources */,
				4DBAF0A11AA75BEA00400AA4 /* iRate.m in Sources */,
				4D45F01C1A9E03BE00C40BB4 /* RootViewController.swift in Sources */,
				4D3367D01AA64A8D00EA824A /* PageContentController.swift in Sources */,
				4D3367D21AA64CFA00EA824A /* HelpOutViewController.swift in Sources */,
				4DF8C23E1AA08AF500642E75 /* MatchesViewController.swift in Sources */,
				4D45F01D1A9E03BE00C40BB4 /* TipsPageViewController.swift in Sources */,
				4D45F01E1A9E03BE00C40BB4 /* TipViewController.swift in Sources */,
				4D45F0161A9E03A400C40BB4 /* DefinitionViewController.swift in Sources */,
				4D45EFBA1A9DFABA00C40BB4 /* AppDelegate.swift in Sources */,
			);
			runOnlyForDeploymentPostprocessing = 0;
		};
		4D45EFC51A9DFABA00C40BB4 /* Sources */ = {
			isa = PBXSourcesBuildPhase;
			buildActionMask = 2147483647;
			files = (
				4D45EFD01A9DFABA00C40BB4 /* AnagramSolverTests.swift in Sources */,
			);
			runOnlyForDeploymentPostprocessing = 0;
		};
/* End PBXSourcesBuildPhase section */

/* Begin PBXTargetDependency section */
		4D0543881CFDBE060084538A /* PBXTargetDependency */ = {
			isa = PBXTargetDependency;
			name = SwiftUtils;
			targetProxy = 4D0543871CFDBE060084538A /* PBXContainerItemProxy */;
		};
		4D45EFCB1A9DFABA00C40BB4 /* PBXTargetDependency */ = {
			isa = PBXTargetDependency;
			target = 4D45EFB31A9DFABA00C40BB4 /* AnagramSolver */;
			targetProxy = 4D45EFCA1A9DFABA00C40BB4 /* PBXContainerItemProxy */;
		};
/* End PBXTargetDependency section */

/* Begin PBXVariantGroup section */
		4D45EFBD1A9DFABA00C40BB4 /* Main.storyboard */ = {
			isa = PBXVariantGroup;
			children = (
				4D45EFBE1A9DFABA00C40BB4 /* Base */,
			);
			name = Main.storyboard;
			sourceTree = "<group>";
		};
		4D45EFC21A9DFABA00C40BB4 /* LaunchScreen.xib */ = {
			isa = PBXVariantGroup;
			children = (
				4D45EFC31A9DFABA00C40BB4 /* Base */,
			);
			name = LaunchScreen.xib;
			sourceTree = "<group>";
		};
/* End PBXVariantGroup section */

/* Begin XCBuildConfiguration section */
		4D45EFD11A9DFABA00C40BB4 /* Debug */ = {
			isa = XCBuildConfiguration;
			buildSettings = {
				ALWAYS_SEARCH_USER_PATHS = NO;
				CLANG_CXX_LANGUAGE_STANDARD = "gnu++0x";
				CLANG_CXX_LIBRARY = "libc++";
				CLANG_ENABLE_MODULES = YES;
				CLANG_ENABLE_OBJC_ARC = YES;
				CLANG_WARN_BOOL_CONVERSION = YES;
				CLANG_WARN_CONSTANT_CONVERSION = YES;
				CLANG_WARN_DIRECT_OBJC_ISA_USAGE = YES_ERROR;
				CLANG_WARN_EMPTY_BODY = YES;
				CLANG_WARN_ENUM_CONVERSION = YES;
				CLANG_WARN_INT_CONVERSION = YES;
				CLANG_WARN_OBJC_ROOT_CLASS = YES_ERROR;
				CLANG_WARN_UNREACHABLE_CODE = YES;
				CLANG_WARN__DUPLICATE_METHOD_MATCH = YES;
				"CODE_SIGN_IDENTITY[sdk=iphoneos*]" = "iPhone Developer";
				COPY_PHASE_STRIP = NO;
				ENABLE_STRICT_OBJC_MSGSEND = YES;
				ENABLE_TESTABILITY = YES;
				GCC_C_LANGUAGE_STANDARD = gnu99;
				GCC_DYNAMIC_NO_PIC = NO;
				GCC_OPTIMIZATION_LEVEL = 0;
				GCC_PREPROCESSOR_DEFINITIONS = (
					"DEBUG=1",
					"$(inherited)",
				);
				GCC_SYMBOLS_PRIVATE_EXTERN = NO;
				GCC_WARN_64_TO_32_BIT_CONVERSION = YES;
				GCC_WARN_ABOUT_RETURN_TYPE = YES_ERROR;
				GCC_WARN_UNDECLARED_SELECTOR = YES;
				GCC_WARN_UNINITIALIZED_AUTOS = YES_AGGRESSIVE;
				GCC_WARN_UNUSED_FUNCTION = YES;
				GCC_WARN_UNUSED_VARIABLE = YES;
				IPHONEOS_DEPLOYMENT_TARGET = 8.1;
				MTL_ENABLE_DEBUG_INFO = YES;
				ONLY_ACTIVE_ARCH = YES;
				SDKROOT = iphoneos;
				SWIFT_OPTIMIZATION_LEVEL = "-Onone";
				TARGETED_DEVICE_FAMILY = "1,2";
			};
			name = Debug;
		};
		4D45EFD21A9DFABA00C40BB4 /* Release */ = {
			isa = XCBuildConfiguration;
			buildSettings = {
				ALWAYS_SEARCH_USER_PATHS = NO;
				CLANG_CXX_LANGUAGE_STANDARD = "gnu++0x";
				CLANG_CXX_LIBRARY = "libc++";
				CLANG_ENABLE_MODULES = YES;
				CLANG_ENABLE_OBJC_ARC = YES;
				CLANG_WARN_BOOL_CONVERSION = YES;
				CLANG_WARN_CONSTANT_CONVERSION = YES;
				CLANG_WARN_DIRECT_OBJC_ISA_USAGE = YES_ERROR;
				CLANG_WARN_EMPTY_BODY = YES;
				CLANG_WARN_ENUM_CONVERSION = YES;
				CLANG_WARN_INT_CONVERSION = YES;
				CLANG_WARN_OBJC_ROOT_CLASS = YES_ERROR;
				CLANG_WARN_UNREACHABLE_CODE = YES;
				CLANG_WARN__DUPLICATE_METHOD_MATCH = YES;
				"CODE_SIGN_IDENTITY[sdk=iphoneos*]" = "iPhone Developer";
				COPY_PHASE_STRIP = YES;
				ENABLE_NS_ASSERTIONS = NO;
				ENABLE_STRICT_OBJC_MSGSEND = YES;
				GCC_C_LANGUAGE_STANDARD = gnu99;
				GCC_WARN_64_TO_32_BIT_CONVERSION = YES;
				GCC_WARN_ABOUT_RETURN_TYPE = YES_ERROR;
				GCC_WARN_UNDECLARED_SELECTOR = YES;
				GCC_WARN_UNINITIALIZED_AUTOS = YES_AGGRESSIVE;
				GCC_WARN_UNUSED_FUNCTION = YES;
				GCC_WARN_UNUSED_VARIABLE = YES;
				IPHONEOS_DEPLOYMENT_TARGET = 8.1;
				MTL_ENABLE_DEBUG_INFO = NO;
				SDKROOT = iphoneos;
				TARGETED_DEVICE_FAMILY = "1,2";
				VALIDATE_PRODUCT = YES;
			};
			name = Release;
		};
		4D45EFD41A9DFABA00C40BB4 /* Debug */ = {
			isa = XCBuildConfiguration;
			baseConfigurationReference = EB50C070B1073CE365C9392E /* Pods-AnagramSolver.debug.xcconfig */;
			buildSettings = {
				ASSETCATALOG_COMPILER_APPICON_NAME = AppIcon;
				CLANG_ENABLE_MODULES = YES;
				CODE_SIGN_IDENTITY = "iPhone Developer";
				"CODE_SIGN_IDENTITY[sdk=iphoneos*]" = "iPhone Developer";
				EMBEDDED_CONTENT_CONTAINS_SWIFT = YES;
				FRAMEWORK_SEARCH_PATHS = (
					"$(inherited)",
					"/Users/mark/Documents/projects/Workspace/SwiftUtils/build/Debug-iphoneos",
					"$(USER_LIBRARY_DIR)/Developer/Xcode/DerivedData/SwiftApps-ccgtjtkyvrlkquhiegcysvtkucvq/Build/Products/Release-iphoneos",
				);
				INFOPLIST_FILE = AnagramSolver/Info.plist;
				IPHONEOS_DEPLOYMENT_TARGET = 8.0;
				LD_RUNPATH_SEARCH_PATHS = "$(inherited) @executable_path/Frameworks";
				PRODUCT_BUNDLE_IDENTIFIER = "com.pigdogbay.$(PRODUCT_NAME:rfc1034identifier)";
				PRODUCT_NAME = "$(TARGET_NAME)";
				PROVISIONING_PROFILE = "";
				SWIFT_OBJC_BRIDGING_HEADER = "AnagramSolver/AnagramSolver-Bridging-Header.h";
				SWIFT_OPTIMIZATION_LEVEL = "-Onone";
			};
			name = Debug;
		};
		4D45EFD51A9DFABA00C40BB4 /* Release */ = {
			isa = XCBuildConfiguration;
			baseConfigurationReference = 9F767D7B066CC063F11B0CB8 /* Pods-AnagramSolver.release.xcconfig */;
			buildSettings = {
				ASSETCATALOG_COMPILER_APPICON_NAME = AppIcon;
				CLANG_ENABLE_MODULES = YES;
				CODE_SIGN_IDENTITY = "iPhone Developer";
				"CODE_SIGN_IDENTITY[sdk=iphoneos*]" = "iPhone Developer";
				EMBEDDED_CONTENT_CONTAINS_SWIFT = YES;
				FRAMEWORK_SEARCH_PATHS = (
					"$(inherited)",
					"/Users/mark/Documents/projects/Workspace/SwiftUtils/build/Debug-iphoneos",
					"$(USER_LIBRARY_DIR)/Developer/Xcode/DerivedData/SwiftApps-ccgtjtkyvrlkquhiegcysvtkucvq/Build/Products/Release-iphoneos",
				);
				INFOPLIST_FILE = AnagramSolver/Info.plist;
				IPHONEOS_DEPLOYMENT_TARGET = 8.0;
				LD_RUNPATH_SEARCH_PATHS = "$(inherited) @executable_path/Frameworks";
				PRODUCT_BUNDLE_IDENTIFIER = "com.pigdogbay.$(PRODUCT_NAME:rfc1034identifier)";
				PRODUCT_NAME = "$(TARGET_NAME)";
				PROVISIONING_PROFILE = "";
				SWIFT_OBJC_BRIDGING_HEADER = "AnagramSolver/AnagramSolver-Bridging-Header.h";
			};
			name = Release;
		};
		4D45EFD71A9DFABA00C40BB4 /* Debug */ = {
			isa = XCBuildConfiguration;
			baseConfigurationReference = C818D066BAB2E9CF4F60E3A1 /* Pods-AnagramSolverTests.debug.xcconfig */;
			buildSettings = {
				BUNDLE_LOADER = "$(TEST_HOST)";
				FRAMEWORK_SEARCH_PATHS = (
					"$(SDKROOT)/Developer/Library/Frameworks",
					"$(inherited)",
				);
				GCC_PREPROCESSOR_DEFINITIONS = (
					"DEBUG=1",
					"$(inherited)",
				);
				INFOPLIST_FILE = AnagramSolverTests/Info.plist;
				LD_RUNPATH_SEARCH_PATHS = "$(inherited) @executable_path/Frameworks @loader_path/Frameworks";
				PRODUCT_BUNDLE_IDENTIFIER = "com.pigdogbay.$(PRODUCT_NAME:rfc1034identifier)";
				PRODUCT_NAME = "$(TARGET_NAME)";
				TEST_HOST = "$(BUILT_PRODUCTS_DIR)/AnagramSolver.app/AnagramSolver";
			};
			name = Debug;
		};
		4D45EFD81A9DFABA00C40BB4 /* Release */ = {
			isa = XCBuildConfiguration;
			baseConfigurationReference = F26459812A8DD854C17A8DEA /* Pods-AnagramSolverTests.release.xcconfig */;
			buildSettings = {
				BUNDLE_LOADER = "$(TEST_HOST)";
				FRAMEWORK_SEARCH_PATHS = (
					"$(SDKROOT)/Developer/Library/Frameworks",
					"$(inherited)",
				);
				INFOPLIST_FILE = AnagramSolverTests/Info.plist;
				LD_RUNPATH_SEARCH_PATHS = "$(inherited) @executable_path/Frameworks @loader_path/Frameworks";
				PRODUCT_BUNDLE_IDENTIFIER = "com.pigdogbay.$(PRODUCT_NAME:rfc1034identifier)";
				PRODUCT_NAME = "$(TARGET_NAME)";
				TEST_HOST = "$(BUILT_PRODUCTS_DIR)/AnagramSolver.app/AnagramSolver";
			};
			name = Release;
		};
/* End XCBuildConfiguration section */

/* Begin XCConfigurationList section */
		4D45EFAF1A9DFABA00C40BB4 /* Build configuration list for PBXProject "AnagramSolver" */ = {
			isa = XCConfigurationList;
			buildConfigurations = (
				4D45EFD11A9DFABA00C40BB4 /* Debug */,
				4D45EFD21A9DFABA00C40BB4 /* Release */,
			);
			defaultConfigurationIsVisible = 0;
			defaultConfigurationName = Release;
		};
		4D45EFD31A9DFABA00C40BB4 /* Build configuration list for PBXNativeTarget "AnagramSolver" */ = {
			isa = XCConfigurationList;
			buildConfigurations = (
				4D45EFD41A9DFABA00C40BB4 /* Debug */,
				4D45EFD51A9DFABA00C40BB4 /* Release */,
			);
			defaultConfigurationIsVisible = 0;
			defaultConfigurationName = Release;
		};
		4D45EFD61A9DFABA00C40BB4 /* Build configuration list for PBXNativeTarget "AnagramSolverTests" */ = {
			isa = XCConfigurationList;
			buildConfigurations = (
				4D45EFD71A9DFABA00C40BB4 /* Debug */,
				4D45EFD81A9DFABA00C40BB4 /* Release */,
			);
			defaultConfigurationIsVisible = 0;
			defaultConfigurationName = Release;
		};
/* End XCConfigurationList section */
	};
	rootObject = 4D45EFAC1A9DFABA00C40BB4 /* Project object */;
}
