PODS:
  - FBAudienceNetwork (6.17.1)
  - Google-Mobile-Ads-SDK (12.2.0):
    - GoogleUserMessagingPlatform (>= 1.1)
  - GoogleMobileAdsMediationFacebook (6.17.1.0):
    - FBAudienceNetwork (= 6.17.1)
    - Google-Mobile-Ads-SDK (~> 12.0)
  - GoogleUserMessagingPlatform (3.0.0)

DEPENDENCIES:
  - Google-Mobile-Ads-SDK
  - GoogleMobileAdsMediationFacebook

SPEC REPOS:
  https://github.com/CocoaPods/Specs.git:
    - FBAudienceNetwork
    - Google-Mobile-Ads-SDK
    - GoogleMobileAdsMediationFacebook
    - GoogleUserMessagingPlatform

SPEC CHECKSUMS:
  FBAudienceNetwork: eb3ffbf2b35df25e21e163657044ffef66616a40
  Google-Mobile-Ads-SDK: 1dfb0c3cb46c7e2b00b0f4de74a1e06d9ea25d67
  GoogleMobileAdsMediationFacebook: 750a2c14ce0bdf813e4e1d4ab4aa283f72f8a875
  GoogleUserMessagingPlatform: f8d0cdad3ca835406755d0a69aa634f00e76d576

PODFILE CHECKSUM: 9dc0aa81354393e0bdaab76c6b682321f97f6d4a

COCOAPODS: 1.16.2
